{
  "version": 4,
  "terraform_version": "1.3.1",
  "serial": 411,
  "lineage": "0bf52870-83bd-35ea-5ee7-c0aef29a8d18",
  "outputs": {},
  "resources": [
    {
      "mode": "data",
      "type": "aws_availability_zones",
      "name": "available",
      "provider": "provider[\"registry.terraform.io/hashicorp/aws\"]",
      "instances": [
        {
          "schema_version": 0,
          "attributes": {
            "all_availability_zones": null,
            "exclude_names": null,
            "exclude_zone_ids": null,
            "filter": null,
            "group_names": [
              "eu-north-1"
            ],
            "id": "eu-north-1",
            "names": [
              "eu-north-1a",
              "eu-north-1b",
              "eu-north-1c"
            ],
            "state": null,
            "timeouts": null,
            "zone_ids": [
              "eun1-az1",
              "eun1-az2",
              "eun1-az3"
            ]
          },
          "sensitive_attributes": []
        }
      ]
    },
    {
      "mode": "data",
      "type": "aws_eks_cluster_auth",
      "name": "this",
      "provider": "provider[\"registry.terraform.io/hashicorp/aws\"]",
      "instances": [
        {
          "schema_version": 0,
          "attributes": {
            "id": "demo",
            "name": "demo",
            "token": "k8s-aws-v1.aHR0cHM6Ly9zdHMuYW1hem9uYXdzLmNvbS8_QWN0aW9uPUdldENhbGxlcklkZW50aXR5JlZlcnNpb249MjAxMS0wNi0xNSZYLUFtei1BbGdvcml0aG09QVdTNC1ITUFDLVNIQTI1NiZYLUFtei1DcmVkZW50aWFsPUFLSUE2SlpUN0pFU1NZTVlER09EJTJGMjAyMjEyMDQlMkZ1cy1lYXN0LTElMkZzdHMlMkZhd3M0X3JlcXVlc3QmWC1BbXotRGF0ZT0yMDIyMTIwNFQxMTQ4MDdaJlgtQW16LUV4cGlyZXM9MCZYLUFtei1TaWduZWRIZWFkZXJzPWhvc3QlM0J4LWs4cy1hd3MtaWQmWC1BbXotU2lnbmF0dXJlPTU4MDUxYTczODU3N2RmNjdmMzNkZjBjNzZhZjRhNTIzNWUyYTcyYzlhYWUyNjM4ODA0ZmMxZTk4MTI3ZWE4ZGY"
          },
          "sensitive_attributes": []
        }
      ]
    },
    {
      "module": "module.infraheads_aws_eks.module.eks_blueprints",
      "mode": "data",
      "type": "aws_caller_identity",
      "name": "current",
      "provider": "provider[\"registry.terraform.io/hashicorp/aws\"]",
      "instances": [
        {
          "schema_version": 0,
          "attributes": {
            "account_id": "983119644965",
            "arn": "arn:aws:iam::983119644965:root",
            "id": "983119644965",
            "user_id": "983119644965"
          },
          "sensitive_attributes": []
        }
      ]
    },
    {
      "module": "module.infraheads_aws_eks.module.eks_blueprints",
      "mode": "data",
      "type": "aws_eks_cluster",
      "name": "cluster",
      "provider": "provider[\"registry.terraform.io/hashicorp/aws\"]",
      "instances": [
        {
          "index_key": 0,
          "schema_version": 0,
          "attributes": {
            "arn": "arn:aws:eks:eu-north-1:983119644965:cluster/demo",
            "certificate_authority": [
              {
                "data": "LS0tLS1CRUdJTiBDRVJUSUZJQ0FURS0tLS0tCk1JSUMvakNDQWVhZ0F3SUJBZ0lCQURBTkJna3Foa2lHOXcwQkFRc0ZBREFWTVJNd0VRWURWUVFERXdwcmRXSmwKY201bGRHVnpNQjRYRFRJeU1USXdOREV3TkRneE5Gb1hEVE15TVRJd01URXdORGd4TkZvd0ZURVRNQkVHQTFVRQpBeE1LYTNWaVpYSnVaWFJsY3pDQ0FTSXdEUVlKS29aSWh2Y05BUUVCQlFBRGdnRVBBRENDQVFvQ2dnRUJBTVVGCnhpcW9JSjJOZ09GemxLVnY1TzNXL09LSU5wdS9yY20zNHdQY0JjRzNEK3ZPcElHTEpJNk1SSlpEbGtwUHErNlYKOWtVd2RyNjlIWmdKMFRoSE11RUlWTndFdW5CRkJVbHpmbk5WUUlEM3hiOWhoREluV0ZWRGpkcGQydGtGbTVxVwpVME5jUDFjK2YrdmovK0JEZ3hqVTh1bzMydGpsRTZzUDVsT1I2MFRjQy9teHNEVEk1TTRkcUdRbSt6NDl3OUthCjFYa285WjhXNG4yM3pLcjVDclIwK2ljV2ttM2MyZjN1Q0pCK041SmlPMStEV21nK2dlREZWeEpSeSszd3V2TDIKZHh4ZjQxUWhLOHhSZjdCNGlIelkwOS9NYXlPc3kwNlBxUnowMkcrOWx0Z2VVRE1KendHRmk2VGhMd24vTHNnSwpFTzFWNDJKcWdGQU4yaTBUdmRjQ0F3RUFBYU5aTUZjd0RnWURWUjBQQVFIL0JBUURBZ0trTUE4R0ExVWRFd0VCCi93UUZNQU1CQWY4d0hRWURWUjBPQkJZRUZLVHBRSDlBWm1kOU5YeDRaRm9EalFTU2t0eCtNQlVHQTFVZEVRUU8KTUF5Q0NtdDFZbVZ5Ym1WMFpYTXdEUVlKS29aSWh2Y05BUUVMQlFBRGdnRUJBSTZnV2htdFJ1MXpTTE1qajVTTQpYRGdYSTNSc3l2TFhKQW8wbHFjdUxQODZMUWphMldTQk1oSURyWWFmRnlySTV4enpnL3k4SmsyVXNzbCtpaDN6CjRNQTFLU2lpRjJVb2FIN3lWbSswR3Rxblo3Z1d2WWliSmVCUVkreTdHcWtqTjJBbmxDNS9ib3kzVmZBb0R6amUKa250NHZQSzdzU3lZMTl3WUh6MHFxRjBmblNwdnJESmtkeXc2a1VEdkx6NGIyOUVqb0wvb3VjdlhXZzkxbDZWWAp6Uk1IVUtxK05Yc3FSekJ0Wnp6ZEdkUTZoYjJkZExlUHQ3Y0FtTlVFTXFJUTM5VHdIWU14WmtPcEVBVmRwcjQ5CmpoVFNYVFBCV2hGUjh2MVVRMDVuVlVXd0NXNTZiZzJyTEJmZzArRWZCdi9NOElTa0lGMmcxR0I4UlU0SktVK2MKVHZNPQotLS0tLUVORCBDRVJUSUZJQ0FURS0tLS0tCg=="
              }
            ],
            "cluster_id": null,
            "created_at": "2022-12-04 10:43:13.352 +0000 UTC",
            "enabled_cluster_log_types": [
              "api",
              "audit",
              "authenticator",
              "controllerManager",
              "scheduler"
            ],
            "endpoint": "https://876301B2B14CB65117C953D27A3FE661.yl4.eu-north-1.eks.amazonaws.com",
            "id": "demo",
            "identity": [
              {
                "oidc": [
                  {
                    "issuer": "https://oidc.eks.eu-north-1.amazonaws.com/id/876301B2B14CB65117C953D27A3FE661"
                  }
                ]
              }
            ],
            "kubernetes_network_config": [
              {
                "ip_family": "ipv4",
                "service_ipv4_cidr": "10.100.0.0/16",
                "service_ipv6_cidr": ""
              }
            ],
            "name": "demo",
            "outpost_config": [],
            "platform_version": "eks.5",
            "role_arn": "arn:aws:iam::983119644965:role/demo-cluster-role",
            "status": "ACTIVE",
            "tags": {},
            "version": "1.23",
            "vpc_config": [
              {
                "cluster_security_group_id": "sg-014e08306b8c0c5cf",
                "endpoint_private_access": false,
                "endpoint_public_access": true,
                "public_access_cidrs": [
                  "0.0.0.0/0"
                ],
                "security_group_ids": [
                  "sg-073bc7c5d392a25c4"
                ],
                "subnet_ids": [
                  "subnet-0d29af39329819d69",
                  "subnet-0f72d078e790654e3"
                ],
                "vpc_id": "vpc-099f541c1e0355870"
              }
            ]
          },
          "sensitive_attributes": []
        }
      ]
    },
    {
      "module": "module.infraheads_aws_eks.module.eks_blueprints",
      "mode": "data",
      "type": "aws_iam_policy_document",
      "name": "eks_key",
      "provider": "provider[\"registry.terraform.io/hashicorp/aws\"]",
      "instances": [
        {
          "schema_version": 0,
          "attributes": {
            "id": "890932066",
            "json": "{\n  \"Version\": \"2012-10-17\",\n  \"Statement\": [\n    {\n      \"Sid\": \"Allow access for all principals in the account that are authorized\",\n      \"Effect\": \"Allow\",\n      \"Action\": [\n        \"kms:ReEncrypt*\",\n        \"kms:GenerateDataKey*\",\n        \"kms:Encrypt\",\n        \"kms:DescribeKey\",\n        \"kms:Decrypt\",\n        \"kms:CreateGrant\"\n      ],\n      \"Resource\": \"*\",\n      \"Principal\": {\n        \"AWS\": \"arn:aws:iam::983119644965:root\"\n      },\n      \"Condition\": {\n        \"StringEquals\": {\n          \"kms:CallerAccount\": \"983119644965\",\n          \"kms:ViaService\": \"eks.eu-north-1.amazonaws.com\"\n        }\n      }\n    },\n    {\n      \"Sid\": \"Allow direct access to key metadata to the account\",\n      \"Effect\": \"Allow\",\n      \"Action\": [\n        \"kms:RevokeGrant\",\n        \"kms:List*\",\n        \"kms:Get*\",\n        \"kms:Describe*\"\n      ],\n      \"Resource\": \"*\",\n      \"Principal\": {\n        \"AWS\": \"arn:aws:iam::983119644965:root\"\n      }\n    },\n    {\n      \"Sid\": \"Allow access for Key Administrators\",\n      \"Effect\": \"Allow\",\n      \"Action\": \"kms:*\",\n      \"Resource\": \"*\",\n      \"Principal\": {\n        \"AWS\": \"arn:aws:iam::983119644965:root\"\n      }\n    },\n    {\n      \"Sid\": \"Allow use of the key\",\n      \"Effect\": \"Allow\",\n      \"Action\": [\n        \"kms:ReEncrypt*\",\n        \"kms:GenerateDataKey*\",\n        \"kms:Encrypt\",\n        \"kms:DescribeKey\",\n        \"kms:Decrypt\"\n      ],\n      \"Resource\": \"*\",\n      \"Principal\": {\n        \"AWS\": \"arn:aws:iam::983119644965:role/demo-cluster-role\"\n      }\n    },\n    {\n      \"Sid\": \"Allow attachment of persistent resources\",\n      \"Effect\": \"Allow\",\n      \"Action\": [\n        \"kms:RevokeGrant\",\n        \"kms:ListGrants\",\n        \"kms:CreateGrant\"\n      ],\n      \"Resource\": \"*\",\n      \"Principal\": {\n        \"AWS\": \"arn:aws:iam::983119644965:role/demo-cluster-role\"\n      },\n      \"Condition\": {\n        \"Bool\": {\n          \"kms:GrantIsForAWSResource\": \"true\"\n        }\n      }\n    }\n  ]\n}",
            "override_json": null,
            "override_policy_documents": null,
            "policy_id": null,
            "source_json": null,
            "source_policy_documents": null,
            "statement": [
              {
                "actions": [
                  "kms:CreateGrant",
                  "kms:Decrypt",
                  "kms:DescribeKey",
                  "kms:Encrypt",
                  "kms:GenerateDataKey*",
                  "kms:ReEncrypt*"
                ],
                "condition": [
                  {
                    "test": "StringEquals",
                    "values": [
                      "983119644965"
                    ],
                    "variable": "kms:CallerAccount"
                  },
                  {
                    "test": "StringEquals",
                    "values": [
                      "eks.eu-north-1.amazonaws.com"
                    ],
                    "variable": "kms:ViaService"
                  }
                ],
                "effect": "Allow",
                "not_actions": [],
                "not_principals": [],
                "not_resources": [],
                "principals": [
                  {
                    "identifiers": [
                      "arn:aws:iam::983119644965:root"
                    ],
                    "type": "AWS"
                  }
                ],
                "resources": [
                  "*"
                ],
                "sid": "Allow access for all principals in the account that are authorized"
              },
              {
                "actions": [
                  "kms:Describe*",
                  "kms:Get*",
                  "kms:List*",
                  "kms:RevokeGrant"
                ],
                "condition": [],
                "effect": "Allow",
                "not_actions": [],
                "not_principals": [],
                "not_resources": [],
                "principals": [
                  {
                    "identifiers": [
                      "arn:aws:iam::983119644965:root"
                    ],
                    "type": "AWS"
                  }
                ],
                "resources": [
                  "*"
                ],
                "sid": "Allow direct access to key metadata to the account"
              },
              {
                "actions": [
                  "kms:*"
                ],
                "condition": [],
                "effect": "Allow",
                "not_actions": [],
                "not_principals": [],
                "not_resources": [],
                "principals": [
                  {
                    "identifiers": [
                      "arn:aws:iam::983119644965:root"
                    ],
                    "type": "AWS"
                  }
                ],
                "resources": [
                  "*"
                ],
                "sid": "Allow access for Key Administrators"
              },
              {
                "actions": [
                  "kms:Decrypt",
                  "kms:DescribeKey",
                  "kms:Encrypt",
                  "kms:GenerateDataKey*",
                  "kms:ReEncrypt*"
                ],
                "condition": [],
                "effect": "Allow",
                "not_actions": [],
                "not_principals": [],
                "not_resources": [],
                "principals": [
                  {
                    "identifiers": [
                      "arn:aws:iam::983119644965:role/demo-cluster-role"
                    ],
                    "type": "AWS"
                  }
                ],
                "resources": [
                  "*"
                ],
                "sid": "Allow use of the key"
              },
              {
                "actions": [
                  "kms:CreateGrant",
                  "kms:ListGrants",
                  "kms:RevokeGrant"
                ],
                "condition": [
                  {
                    "test": "Bool",
                    "values": [
                      "true"
                    ],
                    "variable": "kms:GrantIsForAWSResource"
                  }
                ],
                "effect": "Allow",
                "not_actions": [],
                "not_principals": [],
                "not_resources": [],
                "principals": [
                  {
                    "identifiers": [
                      "arn:aws:iam::983119644965:role/demo-cluster-role"
                    ],
                    "type": "AWS"
                  }
                ],
                "resources": [
                  "*"
                ],
                "sid": "Allow attachment of persistent resources"
              }
            ],
            "version": "2012-10-17"
          },
          "sensitive_attributes": []
        }
      ]
    },
    {
      "module": "module.infraheads_aws_eks.module.eks_blueprints",
      "mode": "data",
      "type": "aws_iam_session_context",
      "name": "current",
      "provider": "provider[\"registry.terraform.io/hashicorp/aws\"]",
      "instances": [
        {
          "schema_version": 0,
          "attributes": {
            "arn": "arn:aws:iam::983119644965:root",
            "id": "arn:aws:iam::983119644965:root",
            "issuer_arn": "arn:aws:iam::983119644965:root",
            "issuer_id": "",
            "issuer_name": "",
            "session_name": ""
          },
          "sensitive_attributes": []
        }
      ]
    },
    {
      "module": "module.infraheads_aws_eks.module.eks_blueprints",
      "mode": "data",
      "type": "aws_partition",
      "name": "current",
      "provider": "provider[\"registry.terraform.io/hashicorp/aws\"]",
      "instances": [
        {
          "schema_version": 0,
          "attributes": {
            "dns_suffix": "amazonaws.com",
            "id": "aws",
            "partition": "aws",
            "reverse_dns_prefix": "com.amazonaws"
          },
          "sensitive_attributes": []
        }
      ]
    },
    {
      "module": "module.infraheads_aws_eks.module.eks_blueprints",
      "mode": "data",
      "type": "aws_region",
      "name": "current",
      "provider": "provider[\"registry.terraform.io/hashicorp/aws\"]",
      "instances": [
        {
          "schema_version": 0,
          "attributes": {
            "description": "Europe (Stockholm)",
            "endpoint": "ec2.eu-north-1.amazonaws.com",
            "id": "eu-north-1",
            "name": "eu-north-1"
          },
          "sensitive_attributes": []
        }
      ]
    },
    {
      "module": "module.infraheads_aws_eks.module.eks_blueprints",
      "mode": "data",
      "type": "http",
      "name": "eks_cluster_readiness",
      "provider": "provider[\"registry.terraform.io/terraform-aws-modules/http\"]",
      "instances": [
        {
          "index_key": 0,
          "schema_version": 0,
          "attributes": {
            "body": "ok",
            "ca_certificate": "-----BEGIN CERTIFICATE-----\nMIIC/jCCAeagAwIBAgIBADANBgkqhkiG9w0BAQsFADAVMRMwEQYDVQQDEwprdWJl\ncm5ldGVzMB4XDTIyMTIwNDEwNDgxNFoXDTMyMTIwMTEwNDgxNFowFTETMBEGA1UE\nAxMKa3ViZXJuZXRlczCCASIwDQYJKoZIhvcNAQEBBQADggEPADCCAQoCggEBAMUF\nxiqoIJ2NgOFzlKVv5O3W/OKINpu/rcm34wPcBcG3D+vOpIGLJI6MRJZDlkpPq+6V\n9kUwdr69HZgJ0ThHMuEIVNwEunBFBUlzfnNVQID3xb9hhDInWFVDjdpd2tkFm5qW\nU0NcP1c+f+vj/+BDgxjU8uo32tjlE6sP5lOR60TcC/mxsDTI5M4dqGQm+z49w9Ka\n1Xko9Z8W4n23zKr5CrR0+icWkm3c2f3uCJB+N5JiO1+DWmg+geDFVxJRy+3wuvL2\ndxxf41QhK8xRf7B4iHzY09/MayOsy06PqRz02G+9ltgeUDMJzwGFi6ThLwn/LsgK\nEO1V42JqgFAN2i0TvdcCAwEAAaNZMFcwDgYDVR0PAQH/BAQDAgKkMA8GA1UdEwEB\n/wQFMAMBAf8wHQYDVR0OBBYEFKTpQH9AZmd9NXx4ZFoDjQSSktx+MBUGA1UdEQQO\nMAyCCmt1YmVybmV0ZXMwDQYJKoZIhvcNAQELBQADggEBAI6gWhmtRu1zSLMjj5SM\nXDgXI3RsyvLXJAo0lqcuLP86LQja2WSBMhIDrYafFyrI5xzzg/y8Jk2Ussl+ih3z\n4MA1KSiiF2UoaH7yVm+0GtqnZ7gWvYibJeBQY+y7GqkjN2AnlC5/boy3VfAoDzje\nknt4vPK7sSyY19wYHz0qqF0fnSpvrDJkdyw6kUDvLz4b29EjoL/oucvXWg91l6VX\nzRMHUKq+NXsqRzBtZzzdGdQ6hb2ddLePt7cAmNUEMqIQ39TwHYMxZkOpEAVdpr49\njhTSXTPBWhFR8v1UQ05nVUWwCW56bg2rLBfg0+EfBv/M8ISkIF2g1GB8RU4JKU+c\nTvM=\n-----END CERTIFICATE-----\n",
            "id": "https://876301B2B14CB65117C953D27A3FE661.yl4.eu-north-1.eks.amazonaws.com/healthz",
            "insecure": false,
            "request_headers": null,
            "response_headers": {
              "Audit-Id": "db5c19db-3359-4866-99eb-d2d1d64d123c",
              "Cache-Control": "no-cache, private",
              "Content-Length": "2",
              "Content-Type": "text/plain; charset=utf-8",
              "Date": "Sun, 04 Dec 2022 11:48:08 GMT",
              "X-Content-Type-Options": "nosniff",
              "X-Kubernetes-Pf-Flowschema-Uid": "a2d5cd43-ae49-4116-bcf7-bd27cc2d2475",
              "X-Kubernetes-Pf-Prioritylevel-Uid": "61abc699-60b4-4a3d-872d-bfd8b646e04b"
            },
            "timeout": 600,
            "url": "https://876301B2B14CB65117C953D27A3FE661.yl4.eu-north-1.eks.amazonaws.com/healthz"
          },
          "sensitive_attributes": []
        }
      ]
    },
    {
      "module": "module.infraheads_aws_eks.module.eks_blueprints",
      "mode": "managed",
      "type": "kubernetes_config_map",
      "name": "aws_auth",
      "provider": "provider[\"registry.terraform.io/hashicorp/kubernetes\"]",
      "instances": [
        {
          "index_key": 0,
          "schema_version": 0,
          "attributes": {
            "binary_data": {},
            "data": {
              "mapAccounts": "[]\n",
              "mapRoles": "- \"groups\":\n  - \"system:bootstrappers\"\n  - \"system:nodes\"\n  \"rolearn\": \"arn:aws:iam::983119644965:role/demo-my-nodegroup\"\n  \"username\": \"system:node:{{EC2PrivateDNSName}}\"\n",
              "mapUsers": "[]\n"
            },
            "id": "kube-system/aws-auth",
            "immutable": false,
            "metadata": [
              {
                "annotations": {},
                "generate_name": "",
                "generation": 0,
                "labels": {
                  "app.kubernetes.io/created-by": "terraform-aws-eks-blueprints",
                  "app.kubernetes.io/managed-by": "terraform-aws-eks-blueprints"
                },
                "name": "aws-auth",
                "namespace": "kube-system",
                "resource_version": "1877",
                "uid": "f8b7bb36-b2d3-41fc-99b8-c32b9826c6e7"
              }
            ]
          },
          "sensitive_attributes": [],
          "private": "bnVsbA==",
          "dependencies": [
            "data.aws_eks_cluster_auth.this",
            "module.infraheads_aws_eks.module.eks_blueprints.data.aws_caller_identity.current",
            "module.infraheads_aws_eks.module.eks_blueprints.data.aws_iam_policy_document.eks_key",
            "module.infraheads_aws_eks.module.eks_blueprints.data.aws_partition.current",
            "module.infraheads_aws_eks.module.eks_blueprints.data.aws_region.current",
            "module.infraheads_aws_eks.module.eks_blueprints.data.http.eks_cluster_readiness",
            "module.infraheads_aws_eks.module.eks_blueprints.module.aws_eks.aws_cloudwatch_log_group.this",
            "module.infraheads_aws_eks.module.eks_blueprints.module.aws_eks.aws_eks_cluster.this",
            "module.infraheads_aws_eks.module.eks_blueprints.module.aws_eks.aws_iam_role.this",
            "module.infraheads_aws_eks.module.eks_blueprints.module.aws_eks.aws_iam_role_policy_attachment.this",
            "module.infraheads_aws_eks.module.eks_blueprints.module.aws_eks.aws_security_group.cluster",
            "module.infraheads_aws_eks.module.eks_blueprints.module.aws_eks.aws_security_group.node",
            "module.infraheads_aws_eks.module.eks_blueprints.module.aws_eks.aws_security_group_rule.cluster",
            "module.infraheads_aws_eks.module.eks_blueprints.module.aws_eks.aws_security_group_rule.node",
            "module.infraheads_aws_eks.module.eks_blueprints.module.aws_eks.data.aws_iam_policy_document.assume_role_policy",
            "module.infraheads_aws_eks.module.eks_blueprints.module.aws_eks.data.aws_partition.current",
            "module.infraheads_aws_eks.module.eks_blueprints.module.aws_eks.module.kms.aws_kms_external_key.this",
            "module.infraheads_aws_eks.module.eks_blueprints.module.aws_eks.module.kms.aws_kms_key.this",
            "module.infraheads_aws_eks.module.eks_blueprints.module.kms.aws_kms_key.this"
          ],
          "create_before_destroy": true
        }
      ]
    },
    {
      "module": "module.infraheads_aws_eks.module.eks_blueprints.module.aws_eks",
      "mode": "data",
      "type": "aws_caller_identity",
      "name": "current",
      "provider": "provider[\"registry.terraform.io/hashicorp/aws\"]",
      "instances": [
        {
          "schema_version": 0,
          "attributes": {
            "account_id": "983119644965",
            "arn": "arn:aws:iam::983119644965:root",
            "id": "983119644965",
            "user_id": "983119644965"
          },
          "sensitive_attributes": []
        }
      ]
    },
    {
      "module": "module.infraheads_aws_eks.module.eks_blueprints.module.aws_eks",
      "mode": "data",
      "type": "aws_iam_policy_document",
      "name": "assume_role_policy",
      "provider": "provider[\"registry.terraform.io/hashicorp/aws\"]",
      "instances": [
        {
          "index_key": 0,
          "schema_version": 0,
          "attributes": {
            "id": "2764486067",
            "json": "{\n  \"Version\": \"2012-10-17\",\n  \"Statement\": [\n    {\n      \"Sid\": \"EKSClusterAssumeRole\",\n      \"Effect\": \"Allow\",\n      \"Action\": \"sts:AssumeRole\",\n      \"Principal\": {\n        \"Service\": \"eks.amazonaws.com\"\n      }\n    }\n  ]\n}",
            "override_json": null,
            "override_policy_documents": null,
            "policy_id": null,
            "source_json": null,
            "source_policy_documents": null,
            "statement": [
              {
                "actions": [
                  "sts:AssumeRole"
                ],
                "condition": [],
                "effect": "Allow",
                "not_actions": [],
                "not_principals": [],
                "not_resources": [],
                "principals": [
                  {
                    "identifiers": [
                      "eks.amazonaws.com"
                    ],
                    "type": "Service"
                  }
                ],
                "resources": [],
                "sid": "EKSClusterAssumeRole"
              }
            ],
            "version": "2012-10-17"
          },
          "sensitive_attributes": []
        }
      ]
    },
    {
      "module": "module.infraheads_aws_eks.module.eks_blueprints.module.aws_eks",
      "mode": "data",
      "type": "aws_partition",
      "name": "current",
      "provider": "provider[\"registry.terraform.io/hashicorp/aws\"]",
      "instances": [
        {
          "schema_version": 0,
          "attributes": {
            "dns_suffix": "amazonaws.com",
            "id": "aws",
            "partition": "aws",
            "reverse_dns_prefix": "com.amazonaws"
          },
          "sensitive_attributes": []
        }
      ]
    },
    {
      "module": "module.infraheads_aws_eks.module.eks_blueprints.module.aws_eks",
      "mode": "data",
      "type": "tls_certificate",
      "name": "this",
      "provider": "provider[\"registry.terraform.io/hashicorp/tls\"]",
      "instances": [
        {
          "index_key": 0,
          "schema_version": 0,
          "attributes": {
            "certificates": [
              {
                "cert_pem": "-----BEGIN CERTIFICATE-----\nMIIEdTCCA12gAwIBAgIJAKcOSkw0grd/MA0GCSqGSIb3DQEBCwUAMGgxCzAJBgNV\nBAYTAlVTMSUwIwYDVQQKExxTdGFyZmllbGQgVGVjaG5vbG9naWVzLCBJbmMuMTIw\nMAYDVQQLEylTdGFyZmllbGQgQ2xhc3MgMiBDZXJ0aWZpY2F0aW9uIEF1dGhvcml0\neTAeFw0wOTA5MDIwMDAwMDBaFw0zNDA2MjgxNzM5MTZaMIGYMQswCQYDVQQGEwJV\nUzEQMA4GA1UECBMHQXJpem9uYTETMBEGA1UEBxMKU2NvdHRzZGFsZTElMCMGA1UE\nChMcU3RhcmZpZWxkIFRlY2hub2xvZ2llcywgSW5jLjE7MDkGA1UEAxMyU3RhcmZp\nZWxkIFNlcnZpY2VzIFJvb3QgQ2VydGlmaWNhdGUgQXV0aG9yaXR5IC0gRzIwggEi\nMA0GCSqGSIb3DQEBAQUAA4IBDwAwggEKAoIBAQDVDDrEKvlO4vW+GZdfjohTsR8/\ny8+fIBNtKTrID30892t2OGPZNmCom15cAICyL1l/9of5JUOG52kbUpqQ4XHj2C0N\nTm/2yEnZtvMaVq4rtnQU68/7JuMauh2WLmo7WJSJR1b/JaCTcFOD2oR0FMNnngRo\nOt+OQFodSk7PQ5E751bWAHDLUu57fa4657wx+UX2wmDPE1kCK4DMNEffud6QZW0C\nzyyRpqbn3oUYSXxmTqM6bam17jQuug0DuDPfR+uxa40l2ZvOgdFFRjKWcIfeAg5J\nQ4W2bHO7ZOphQazJ1FTfhy/HIrImzJ9ZVGif/L4qL8RVHHVAYBeFAlU5i38FAgMB\nAAGjgfAwge0wDwYDVR0TAQH/BAUwAwEB/zAOBgNVHQ8BAf8EBAMCAYYwHQYDVR0O\nBBYEFJxfAN+qAdcwKziIorhtSpzyEZGDMB8GA1UdIwQYMBaAFL9ft9HO3R+G9FtV\nrNzXEMIOqYjnME8GCCsGAQUFBwEBBEMwQTAcBggrBgEFBQcwAYYQaHR0cDovL28u\nc3MyLnVzLzAhBggrBgEFBQcwAoYVaHR0cDovL3guc3MyLnVzL3guY2VyMCYGA1Ud\nHwQfMB0wG6AZoBeGFWh0dHA6Ly9zLnNzMi51cy9yLmNybDARBgNVHSAECjAIMAYG\nBFUdIAAwDQYJKoZIhvcNAQELBQADggEBACMd44pXyn3pF3lM8R5V/cxTbj5HD9/G\nVfKyBDbtgB9TxF00KGu+x1X8Z+rLP3+QsjPNG1gQggL4+C/1E2DUBc7xgQjB3ad1\nl08YuW3e95ORCLp+QCztweq7dp4zBncdDQh/U90bZKuCJ/Fp1U1ervShw3WnWEQt\n8jxwmKy6abaVd38PMV4s/KCHOkdp8Hlf9BRUpJVeEXgSYCfOn8J3/yNTd126/+pZ\n59vPr5KW7ySaNRB6nJHGDn2Z9j8Z3/VyVOEVqQdZe4O/Ui5GjLIAZHYcSNPYeehu\nVsyuLAOQ1xk4meTKCRlb/weWsKh/NEnfVqn3sF/tM+2MR7cwA130A4w=\n-----END CERTIFICATE-----\n",
                "is_ca": true,
                "issuer": "OU=Starfield Class 2 Certification Authority,O=Starfield Technologies\\, Inc.,C=US",
                "not_after": "2034-06-28T17:39:16Z",
                "not_before": "2009-09-02T00:00:00Z",
                "public_key_algorithm": "RSA",
                "serial_number": "12037640545166866303",
                "sha1_fingerprint": "9e99a48a9960b14926bb7f3b02e22da2b0ab7280",
                "signature_algorithm": "SHA256-RSA",
                "subject": "CN=Starfield Services Root Certificate Authority - G2,O=Starfield Technologies\\, Inc.,L=Scottsdale,ST=Arizona,C=US",
                "version": 3
              },
              {
                "cert_pem": "-----BEGIN CERTIFICATE-----\nMIIEkjCCA3qgAwIBAgITBn+USionzfP6wq4rAfkI7rnExjANBgkqhkiG9w0BAQsF\nADCBmDELMAkGA1UEBhMCVVMxEDAOBgNVBAgTB0FyaXpvbmExEzARBgNVBAcTClNj\nb3R0c2RhbGUxJTAjBgNVBAoTHFN0YXJmaWVsZCBUZWNobm9sb2dpZXMsIEluYy4x\nOzA5BgNVBAMTMlN0YXJmaWVsZCBTZXJ2aWNlcyBSb290IENlcnRpZmljYXRlIEF1\ndGhvcml0eSAtIEcyMB4XDTE1MDUyNTEyMDAwMFoXDTM3MTIzMTAxMDAwMFowOTEL\nMAkGA1UEBhMCVVMxDzANBgNVBAoTBkFtYXpvbjEZMBcGA1UEAxMQQW1hem9uIFJv\nb3QgQ0EgMTCCASIwDQYJKoZIhvcNAQEBBQADggEPADCCAQoCggEBALJ4gHHKeNXj\nca9HgFB0fW7Y14h29Jlo91ghYPl0hAEvrAIthtOgQ3pOsqTQNroBvo3bSMgHFzZM\n9O6II8c+6zf1tRn4SWiw3te5djgdYZ6k/oI2peVKVuRF4fn9tBb6dNqcmzU5L/qw\nIFAGbHrQgLKm+a/sRxmPUDgH3KKHOVj4utWp+UhnMJbulHheb4mjUcAwhmahRWa6\nVOujw5H5SNz/0egwLX0tdHA114gk957EWW67c4cX8jJGKLhD+rcdqsq08p8kDi1L\n93FcXmn/6pUCyziKrlA4b9v7LWIbxcceVOF34GfID5yHI9Y/QCB/IIDEgEw+OyQm\njgSubJrIqg0CAwEAAaOCATEwggEtMA8GA1UdEwEB/wQFMAMBAf8wDgYDVR0PAQH/\nBAQDAgGGMB0GA1UdDgQWBBSEGMyFNOy8DJSULghZnMeyEE4KCDAfBgNVHSMEGDAW\ngBScXwDfqgHXMCs4iKK4bUqc8hGRgzB4BggrBgEFBQcBAQRsMGowLgYIKwYBBQUH\nMAGGImh0dHA6Ly9vY3NwLnJvb3RnMi5hbWF6b250cnVzdC5jb20wOAYIKwYBBQUH\nMAKGLGh0dHA6Ly9jcnQucm9vdGcyLmFtYXpvbnRydXN0LmNvbS9yb290ZzIuY2Vy\nMD0GA1UdHwQ2MDQwMqAwoC6GLGh0dHA6Ly9jcmwucm9vdGcyLmFtYXpvbnRydXN0\nLmNvbS9yb290ZzIuY3JsMBEGA1UdIAQKMAgwBgYEVR0gADANBgkqhkiG9w0BAQsF\nAAOCAQEAYjdCXLwQtT6LLOkMm2xF4gcAevnFWAu5CIw+7bMlPLVvUOTNNWqnkzSW\nMiGpSESrnO09tKpzbeR/FoCJbM8oAxiDR3mjEH4wW6w7sGDgd9QIpuEdfF7Au/ma\neyKdpwAJfqxGF4PcnCZXmTA5YpaP7dreqsXMGz7KQ2hsVxa81Q4gLv7/wmpdLqBK\nbRRYh5TmOTFffHPLkIhqhBGWJ6bt2YFGpn6jcgAKUj6DiAdjd4lpFw85hdKrCEVN\n0FE6/V1dN2RMfjCyVSRCnTawXZwXgWHxyvkQAiSr6w10kY17RSlQOYiypok1JR4U\nakcjMS9cmvqtmg5iUaQqqcT5NJ0hGA==\n-----END CERTIFICATE-----\n",
                "is_ca": true,
                "issuer": "CN=Starfield Services Root Certificate Authority - G2,O=Starfield Technologies\\, Inc.,L=Scottsdale,ST=Arizona,C=US",
                "not_after": "2037-12-31T01:00:00Z",
                "not_before": "2015-05-25T12:00:00Z",
                "public_key_algorithm": "RSA",
                "serial_number": "144918191876577076464031512351042010504348870",
                "sha1_fingerprint": "06b25927c42a721631c1efd9431e648fa62e1e39",
                "signature_algorithm": "SHA256-RSA",
                "subject": "CN=Amazon Root CA 1,O=Amazon,C=US",
                "version": 3
              },
              {
                "cert_pem": "-----BEGIN CERTIFICATE-----\nMIIESTCCAzGgAwIBAgITBn+UV4WH6Kx33rJTMlu8mYtWDTANBgkqhkiG9w0BAQsF\nADA5MQswCQYDVQQGEwJVUzEPMA0GA1UEChMGQW1hem9uMRkwFwYDVQQDExBBbWF6\nb24gUm9vdCBDQSAxMB4XDTE1MTAyMjAwMDAwMFoXDTI1MTAxOTAwMDAwMFowRjEL\nMAkGA1UEBhMCVVMxDzANBgNVBAoTBkFtYXpvbjEVMBMGA1UECxMMU2VydmVyIENB\nIDFCMQ8wDQYDVQQDEwZBbWF6b24wggEiMA0GCSqGSIb3DQEBAQUAA4IBDwAwggEK\nAoIBAQDCThZn3c68asg3Wuw6MLAd5tES6BIoSMzoKcG5blPVo+sDORrMd4f2AbnZ\ncMzPa43j4wNxhplty6aUKk4T1qe9BOwKFjwK6zmxxLVYo7bHViXsPlJ6qOMpFge5\nblDP+18x+B26A0piiQOuPkfyDyeR4xQghfj66Yo19V+emU3nazfvpFA+ROz6WoVm\nB5x+F2pV8xeKNR7u6azDdU5YVX1TawprmxRC1+WsAYmz6qP+z8ArDITC2FMVy2fw\n0IjKOtEXc/VfmtTFch5+AfGYMGMqqvJ6LcXiAhqG5TI+Dr0RtM88k+8XUBCeQ8IG\nKuANaL7TiItKZYxK1MMuTJtV9IblAgMBAAGjggE7MIIBNzASBgNVHRMBAf8ECDAG\nAQH/AgEAMA4GA1UdDwEB/wQEAwIBhjAdBgNVHQ4EFgQUWaRmBlKge5WSPKOUByeW\ndFv5PdAwHwYDVR0jBBgwFoAUhBjMhTTsvAyUlC4IWZzHshBOCggwewYIKwYBBQUH\nAQEEbzBtMC8GCCsGAQUFBzABhiNodHRwOi8vb2NzcC5yb290Y2ExLmFtYXpvbnRy\ndXN0LmNvbTA6BggrBgEFBQcwAoYuaHR0cDovL2NydC5yb290Y2ExLmFtYXpvbnRy\ndXN0LmNvbS9yb290Y2ExLmNlcjA/BgNVHR8EODA2MDSgMqAwhi5odHRwOi8vY3Js\nLnJvb3RjYTEuYW1hem9udHJ1c3QuY29tL3Jvb3RjYTEuY3JsMBMGA1UdIAQMMAow\nCAYGZ4EMAQIBMA0GCSqGSIb3DQEBCwUAA4IBAQCFkr41u3nPo4FCHOTjY3NTOVI1\n59Gt/a6ZiqyJEi+752+a1U5y6iAwYfmXss2lJwJFqMp2PphKg5625kXg8kP2CN5t\n6G7bMQcT8C8xDZNtYTd7WPD8UZiRKAJPBXa30/AbwuZe0GaFEQ8ugcYQgSn+IGBI\n8/LwhBNTZTUVEWuCUUBVV18YtbAiPq3yXqMB48Oz+ctBWuZSkbvkNodPLamkB2g1\nupRyzQ7qDn1X8nn8N8V7YJ6y68AtkHcNSRAnpTitxBKjtKPISLMVCx7i4hncxHZS\nyLyKQXhw2W2Xs0qLeC1etA+jTGDK4UfLeC0SF7FSi8o5LL21L8IzApar2pR/\n-----END CERTIFICATE-----\n",
                "is_ca": true,
                "issuer": "CN=Amazon Root CA 1,O=Amazon,C=US",
                "not_after": "2025-10-19T00:00:00Z",
                "not_before": "2015-10-22T00:00:00Z",
                "public_key_algorithm": "RSA",
                "serial_number": "144918209630989264145272943054026349679957517",
                "sha1_fingerprint": "917e732d330f9a12404f73d8bea36948b929dffc",
                "signature_algorithm": "SHA256-RSA",
                "subject": "CN=Amazon,OU=Server CA 1B,O=Amazon,C=US",
                "version": 3
              },
              {
                "cert_pem": "-----BEGIN CERTIFICATE-----\nMIIF+zCCBOOgAwIBAgIQCvotS71smIoHQa71WAdzGzANBgkqhkiG9w0BAQsFADBG\nMQswCQYDVQQGEwJVUzEPMA0GA1UEChMGQW1hem9uMRUwEwYDVQQLEwxTZXJ2ZXIg\nQ0EgMUIxDzANBgNVBAMTBkFtYXpvbjAeFw0yMjA1MTMwMDAwMDBaFw0yMzA2MTEy\nMzU5NTlaMCwxKjAoBgNVBAMTIW9pZGMuZWtzLmV1LW5vcnRoLTEuYW1hem9uYXdz\nLmNvbTCCASIwDQYJKoZIhvcNAQEBBQADggEPADCCAQoCggEBAKfLViceIciXKMvw\nvXAktf0fpQjPI0HffG3BSXSr82z9KoGCihOkILp9HfqYIEJiflfXoypuD8wFmodS\nVPYWQaa2fOe9SbdbLpBgb7So4rGfiI4TFe9huaUj5Uea/JWM8onqPrOteMrdSKSy\ng66mJH9rw7lfdq4AU91Psoc/fN6tpiha1I8Yz373LV+GpJSH4XRKOocmNEg4bIXm\nW4T1K30KMkXAh35jxDDuyN5khNxofcWPPo/qEm264D4UIjUYLg13ZWT08pIPU1kz\ns6xYqerqTHMPZX7fkUl1kFYVN7HLjV0s3y/bSbdF+ZYA7hvw8UyBZnqF1XcuyxdG\nvc+UrgMCAwEAAaOCAv0wggL5MB8GA1UdIwQYMBaAFFmkZgZSoHuVkjyjlAcnlnRb\n+T3QMB0GA1UdDgQWBBSLqVpjR8Ya1CT55mgh1ydbJCE5SjAsBgNVHREEJTAjgiFv\naWRjLmVrcy5ldS1ub3J0aC0xLmFtYXpvbmF3cy5jb20wDgYDVR0PAQH/BAQDAgWg\nMB0GA1UdJQQWMBQGCCsGAQUFBwMBBggrBgEFBQcDAjA9BgNVHR8ENjA0MDKgMKAu\nhixodHRwOi8vY3JsLnNjYTFiLmFtYXpvbnRydXN0LmNvbS9zY2ExYi0xLmNybDAT\nBgNVHSAEDDAKMAgGBmeBDAECATB1BggrBgEFBQcBAQRpMGcwLQYIKwYBBQUHMAGG\nIWh0dHA6Ly9vY3NwLnNjYTFiLmFtYXpvbnRydXN0LmNvbTA2BggrBgEFBQcwAoYq\naHR0cDovL2NydC5zY2ExYi5hbWF6b250cnVzdC5jb20vc2NhMWIuY3J0MAwGA1Ud\nEwEB/wQCMAAwggF/BgorBgEEAdZ5AgQCBIIBbwSCAWsBaQB2AOg+0No+9QY1MudX\nKLyJa8kD08vREWvs62nhd31tBr1uAAABgLrH7X4AAAQDAEcwRQIhAMW6IViC93Nx\naFfmEwMug00r9JC3hDr975R4NdnlVy2hAiAUdWV56wnyVbI1ORT4mmjqP1mdEfdi\n4lhe3ipHMcTUsgB2ADXPGRu/sWxXvw+tTG1Cy7u2JyAmUeo/4SrvqAPDO9ZMAAAB\ngLrH7bwAAAQDAEcwRQIhALB+MvrjAYwFtLfZGTC5XaRQ1a8RUOPJ+DGbXlZvjHZO\nAiAezDsY2Hq0wiUNHdRdUpJ7F5Mgcpn97PC8HsVNLuK+MAB3ALc++yTfnE26dfI5\nxbpY9Gxd/ELPep81xJ4dCYEl7bSZAAABgLrH7aMAAAQDAEgwRgIhAJWbHNyVp0UL\nl4rX1Z0pCxG8YkydXvgi+f/oYUVf1MHtAiEAzfcKy1+ISTSNWsUIoCMo+E6NrO20\n2yYyxP2e6OrJjYgwDQYJKoZIhvcNAQELBQADggEBAAOQwo3/j7/z7vwbShvLX9/u\npIdvhXqMijWCn3Gvh1VV9I+hTiDxluFtxcGm3eZXzMmRf705ScwVjKMrwwOZk2MI\nfPKYTr91I36r7odi4bmbEH8oR9NYqwzU+FwG3b0JcgMktZa1ZXmIBY2B1C/EDoCD\niKXO3Q1KrvEaFMEsHyitka5lMB6F0EuLsS8zcyO9npRcwnhNQ1xdHlNhMcP/CjPw\nnM6Zloqz9TeH4K8ryCaa5cyiMtLE5Qr/cXNGvHTDE/Ee/S0jtejF4v8QNzhAIPGB\ntV4BuGs9XtfznTFL3G0Byiw//WzuRVlQWdGFqUqTvdO0VMNEl0DgcFjAKr6Op8A=\n-----END CERTIFICATE-----\n",
                "is_ca": false,
                "issuer": "CN=Amazon,OU=Server CA 1B,O=Amazon,C=US",
                "not_after": "2023-06-11T23:59:59Z",
                "not_before": "2022-05-13T00:00:00Z",
                "public_key_algorithm": "RSA",
                "serial_number": "14591272881651169721796659525573899035",
                "sha1_fingerprint": "e2170727c9f2668f6ada46343ecf41bfde06cc45",
                "signature_algorithm": "SHA256-RSA",
                "subject": "CN=oidc.eks.eu-north-1.amazonaws.com",
                "version": 3
              }
            ],
            "content": null,
            "id": "3e96527163476ea38c88e027a3e5e044c4d4c870",
            "url": "https://oidc.eks.eu-north-1.amazonaws.com/id/876301B2B14CB65117C953D27A3FE661",
            "verify_chain": true
          },
          "sensitive_attributes": []
        }
      ]
    },
    {
      "module": "module.infraheads_aws_eks.module.eks_blueprints.module.aws_eks",
      "mode": "managed",
      "type": "aws_eks_cluster",
      "name": "this",
      "provider": "provider[\"registry.terraform.io/hashicorp/aws\"]",
      "instances": [
        {
          "index_key": 0,
          "schema_version": 0,
          "attributes": {
            "arn": "arn:aws:eks:eu-north-1:983119644965:cluster/demo",
            "certificate_authority": [
              {
                "data": "LS0tLS1CRUdJTiBDRVJUSUZJQ0FURS0tLS0tCk1JSUMvakNDQWVhZ0F3SUJBZ0lCQURBTkJna3Foa2lHOXcwQkFRc0ZBREFWTVJNd0VRWURWUVFERXdwcmRXSmwKY201bGRHVnpNQjRYRFRJeU1USXdOREV3TkRneE5Gb1hEVE15TVRJd01URXdORGd4TkZvd0ZURVRNQkVHQTFVRQpBeE1LYTNWaVpYSnVaWFJsY3pDQ0FTSXdEUVlKS29aSWh2Y05BUUVCQlFBRGdnRVBBRENDQVFvQ2dnRUJBTVVGCnhpcW9JSjJOZ09GemxLVnY1TzNXL09LSU5wdS9yY20zNHdQY0JjRzNEK3ZPcElHTEpJNk1SSlpEbGtwUHErNlYKOWtVd2RyNjlIWmdKMFRoSE11RUlWTndFdW5CRkJVbHpmbk5WUUlEM3hiOWhoREluV0ZWRGpkcGQydGtGbTVxVwpVME5jUDFjK2YrdmovK0JEZ3hqVTh1bzMydGpsRTZzUDVsT1I2MFRjQy9teHNEVEk1TTRkcUdRbSt6NDl3OUthCjFYa285WjhXNG4yM3pLcjVDclIwK2ljV2ttM2MyZjN1Q0pCK041SmlPMStEV21nK2dlREZWeEpSeSszd3V2TDIKZHh4ZjQxUWhLOHhSZjdCNGlIelkwOS9NYXlPc3kwNlBxUnowMkcrOWx0Z2VVRE1KendHRmk2VGhMd24vTHNnSwpFTzFWNDJKcWdGQU4yaTBUdmRjQ0F3RUFBYU5aTUZjd0RnWURWUjBQQVFIL0JBUURBZ0trTUE4R0ExVWRFd0VCCi93UUZNQU1CQWY4d0hRWURWUjBPQkJZRUZLVHBRSDlBWm1kOU5YeDRaRm9EalFTU2t0eCtNQlVHQTFVZEVRUU8KTUF5Q0NtdDFZbVZ5Ym1WMFpYTXdEUVlKS29aSWh2Y05BUUVMQlFBRGdnRUJBSTZnV2htdFJ1MXpTTE1qajVTTQpYRGdYSTNSc3l2TFhKQW8wbHFjdUxQODZMUWphMldTQk1oSURyWWFmRnlySTV4enpnL3k4SmsyVXNzbCtpaDN6CjRNQTFLU2lpRjJVb2FIN3lWbSswR3Rxblo3Z1d2WWliSmVCUVkreTdHcWtqTjJBbmxDNS9ib3kzVmZBb0R6amUKa250NHZQSzdzU3lZMTl3WUh6MHFxRjBmblNwdnJESmtkeXc2a1VEdkx6NGIyOUVqb0wvb3VjdlhXZzkxbDZWWAp6Uk1IVUtxK05Yc3FSekJ0Wnp6ZEdkUTZoYjJkZExlUHQ3Y0FtTlVFTXFJUTM5VHdIWU14WmtPcEVBVmRwcjQ5CmpoVFNYVFBCV2hGUjh2MVVRMDVuVlVXd0NXNTZiZzJyTEJmZzArRWZCdi9NOElTa0lGMmcxR0I4UlU0SktVK2MKVHZNPQotLS0tLUVORCBDRVJUSUZJQ0FURS0tLS0tCg=="
              }
            ],
            "cluster_id": null,
            "created_at": "2022-12-04 10:43:13.352 +0000 UTC",
            "enabled_cluster_log_types": [
              "api",
              "audit",
              "authenticator",
              "controllerManager",
              "scheduler"
            ],
            "encryption_config": [
              {
                "provider": [
                  {
                    "key_arn": "arn:aws:kms:eu-north-1:983119644965:key/d5a1b68e-185d-4ef5-a013-fb9a8e3f6496"
                  }
                ],
                "resources": [
                  "secrets"
                ]
              }
            ],
            "endpoint": "https://876301B2B14CB65117C953D27A3FE661.yl4.eu-north-1.eks.amazonaws.com",
            "id": "demo",
            "identity": [
              {
                "oidc": [
                  {
                    "issuer": "https://oidc.eks.eu-north-1.amazonaws.com/id/876301B2B14CB65117C953D27A3FE661"
                  }
                ]
              }
            ],
            "kubernetes_network_config": [
              {
                "ip_family": "ipv4",
                "service_ipv4_cidr": "10.100.0.0/16",
                "service_ipv6_cidr": ""
              }
            ],
            "name": "demo",
            "outpost_config": [],
            "platform_version": "eks.5",
            "role_arn": "arn:aws:iam::983119644965:role/demo-cluster-role",
            "status": "ACTIVE",
            "tags": {},
            "tags_all": {},
            "timeouts": {
              "create": null,
              "delete": null,
              "update": null
            },
            "version": "1.23",
            "vpc_config": [
              {
                "cluster_security_group_id": "sg-014e08306b8c0c5cf",
                "endpoint_private_access": false,
                "endpoint_public_access": true,
                "public_access_cidrs": [
                  "0.0.0.0/0"
                ],
                "security_group_ids": [
                  "sg-073bc7c5d392a25c4"
                ],
                "subnet_ids": [
                  "subnet-0d29af39329819d69",
                  "subnet-0f72d078e790654e3"
                ],
                "vpc_id": "vpc-099f541c1e0355870"
              }
            ]
          },
          "sensitive_attributes": [],
          "private": "eyJlMmJmYjczMC1lY2FhLTExZTYtOGY4OC0zNDM2M2JjN2M0YzAiOnsiY3JlYXRlIjoxODAwMDAwMDAwMDAwLCJkZWxldGUiOjkwMDAwMDAwMDAwMCwidXBkYXRlIjozNjAwMDAwMDAwMDAwfX0=",
          "dependencies": [
            "module.infraheads_aws_eks.module.eks_blueprints.data.aws_iam_policy_document.eks_key",
            "module.infraheads_aws_eks.module.eks_blueprints.module.aws_eks.aws_cloudwatch_log_group.this",
            "module.infraheads_aws_eks.module.eks_blueprints.module.aws_eks.aws_iam_role.this",
            "module.infraheads_aws_eks.module.eks_blueprints.module.aws_eks.aws_iam_role_policy_attachment.this",
            "module.infraheads_aws_eks.module.eks_blueprints.module.aws_eks.aws_security_group.cluster",
            "module.infraheads_aws_eks.module.eks_blueprints.module.aws_eks.aws_security_group.node",
            "module.infraheads_aws_eks.module.eks_blueprints.module.aws_eks.aws_security_group_rule.cluster",
            "module.infraheads_aws_eks.module.eks_blueprints.module.aws_eks.aws_security_group_rule.node",
            "module.infraheads_aws_eks.module.eks_blueprints.module.aws_eks.data.aws_iam_policy_document.assume_role_policy",
            "module.infraheads_aws_eks.module.eks_blueprints.module.aws_eks.data.aws_partition.current",
            "module.infraheads_aws_eks.module.eks_blueprints.module.aws_eks.module.kms.aws_kms_external_key.this",
            "module.infraheads_aws_eks.module.eks_blueprints.module.aws_eks.module.kms.aws_kms_key.this",
            "module.infraheads_aws_eks.module.eks_blueprints.module.kms.aws_kms_key.this"
          ],
          "create_before_destroy": true
        }
      ]
    },
    {
      "module": "module.infraheads_aws_eks.module.eks_blueprints.module.aws_eks",
      "mode": "managed",
      "type": "aws_iam_openid_connect_provider",
      "name": "oidc_provider",
      "provider": "provider[\"registry.terraform.io/hashicorp/aws\"]",
      "instances": [
        {
          "index_key": 0,
          "schema_version": 0,
          "attributes": {
            "arn": "arn:aws:iam::983119644965:oidc-provider/oidc.eks.eu-north-1.amazonaws.com/id/876301B2B14CB65117C953D27A3FE661",
            "client_id_list": [
              "sts.amazonaws.com"
            ],
            "id": "arn:aws:iam::983119644965:oidc-provider/oidc.eks.eu-north-1.amazonaws.com/id/876301B2B14CB65117C953D27A3FE661",
            "tags": {
              "Name": "demo-eks-irsa"
            },
            "tags_all": {
              "Name": "demo-eks-irsa"
            },
            "thumbprint_list": [
              "9e99a48a9960b14926bb7f3b02e22da2b0ab7280"
            ],
            "url": "oidc.eks.eu-north-1.amazonaws.com/id/876301B2B14CB65117C953D27A3FE661"
          },
          "sensitive_attributes": [],
          "private": "bnVsbA==",
          "dependencies": [
            "module.infraheads_aws_eks.module.eks_blueprints.data.aws_iam_policy_document.eks_key",
            "module.infraheads_aws_eks.module.eks_blueprints.module.aws_eks.aws_cloudwatch_log_group.this",
            "module.infraheads_aws_eks.module.eks_blueprints.module.aws_eks.aws_eks_cluster.this",
            "module.infraheads_aws_eks.module.eks_blueprints.module.aws_eks.aws_iam_role.this",
            "module.infraheads_aws_eks.module.eks_blueprints.module.aws_eks.aws_iam_role_policy_attachment.this",
            "module.infraheads_aws_eks.module.eks_blueprints.module.aws_eks.aws_security_group.cluster",
            "module.infraheads_aws_eks.module.eks_blueprints.module.aws_eks.aws_security_group.node",
            "module.infraheads_aws_eks.module.eks_blueprints.module.aws_eks.aws_security_group_rule.cluster",
            "module.infraheads_aws_eks.module.eks_blueprints.module.aws_eks.aws_security_group_rule.node",
            "module.infraheads_aws_eks.module.eks_blueprints.module.aws_eks.data.aws_iam_policy_document.assume_role_policy",
            "module.infraheads_aws_eks.module.eks_blueprints.module.aws_eks.data.aws_partition.current",
            "module.infraheads_aws_eks.module.eks_blueprints.module.aws_eks.data.tls_certificate.this",
            "module.infraheads_aws_eks.module.eks_blueprints.module.aws_eks.module.kms.aws_kms_external_key.this",
            "module.infraheads_aws_eks.module.eks_blueprints.module.aws_eks.module.kms.aws_kms_key.this",
            "module.infraheads_aws_eks.module.eks_blueprints.module.kms.aws_kms_key.this"
          ]
        }
      ]
    },
    {
      "module": "module.infraheads_aws_eks.module.eks_blueprints.module.aws_eks",
      "mode": "managed",
      "type": "aws_iam_role",
      "name": "this",
      "provider": "provider[\"registry.terraform.io/hashicorp/aws\"]",
      "instances": [
        {
          "index_key": 0,
          "schema_version": 0,
          "attributes": {
            "arn": "arn:aws:iam::983119644965:role/demo-cluster-role",
            "assume_role_policy": "{\"Statement\":[{\"Action\":\"sts:AssumeRole\",\"Effect\":\"Allow\",\"Principal\":{\"Service\":\"eks.amazonaws.com\"},\"Sid\":\"EKSClusterAssumeRole\"}],\"Version\":\"2012-10-17\"}",
            "create_date": "2022-12-04T10:38:33Z",
            "description": "",
            "force_detach_policies": true,
            "id": "demo-cluster-role",
            "inline_policy": [],
            "managed_policy_arns": [
              "arn:aws:iam::aws:policy/AmazonEKSClusterPolicy",
              "arn:aws:iam::aws:policy/AmazonEKSVPCResourceController"
            ],
            "max_session_duration": 3600,
            "name": "demo-cluster-role",
            "name_prefix": "",
            "path": "/",
            "permissions_boundary": null,
            "tags": {},
            "tags_all": {},
            "unique_id": "AROA6JZT7JESXZIM7PUD6"
          },
          "sensitive_attributes": [],
          "private": "bnVsbA==",
          "dependencies": [
            "module.infraheads_aws_eks.module.eks_blueprints.module.aws_eks.aws_cloudwatch_log_group.this",
            "module.infraheads_aws_eks.module.eks_blueprints.module.aws_eks.data.aws_iam_policy_document.assume_role_policy"
          ],
          "create_before_destroy": true
        }
      ]
    },
    {
      "module": "module.infraheads_aws_eks.module.eks_blueprints.module.aws_eks",
      "mode": "managed",
      "type": "aws_iam_role_policy_attachment",
      "name": "this",
      "provider": "provider[\"registry.terraform.io/hashicorp/aws\"]",
      "instances": [
        {
          "index_key": "arn:aws:iam::aws:policy/AmazonEKSClusterPolicy",
          "schema_version": 0,
          "attributes": {
            "id": "demo-cluster-role-20221204103834704300000003",
            "policy_arn": "arn:aws:iam::aws:policy/AmazonEKSClusterPolicy",
            "role": "demo-cluster-role"
          },
          "sensitive_attributes": [],
          "private": "bnVsbA==",
          "dependencies": [
            "module.infraheads_aws_eks.module.eks_blueprints.module.aws_eks.aws_cloudwatch_log_group.this",
            "module.infraheads_aws_eks.module.eks_blueprints.module.aws_eks.aws_iam_role.this",
            "module.infraheads_aws_eks.module.eks_blueprints.module.aws_eks.data.aws_iam_policy_document.assume_role_policy",
            "module.infraheads_aws_eks.module.eks_blueprints.module.aws_eks.data.aws_partition.current"
          ],
          "create_before_destroy": true
        },
        {
          "index_key": "arn:aws:iam::aws:policy/AmazonEKSVPCResourceController",
          "schema_version": 0,
          "attributes": {
            "id": "demo-cluster-role-20221204103834914100000004",
            "policy_arn": "arn:aws:iam::aws:policy/AmazonEKSVPCResourceController",
            "role": "demo-cluster-role"
          },
          "sensitive_attributes": [],
          "private": "bnVsbA==",
          "dependencies": [
            "module.infraheads_aws_eks.module.eks_blueprints.module.aws_eks.aws_cloudwatch_log_group.this",
            "module.infraheads_aws_eks.module.eks_blueprints.module.aws_eks.aws_iam_role.this",
            "module.infraheads_aws_eks.module.eks_blueprints.module.aws_eks.data.aws_iam_policy_document.assume_role_policy",
            "module.infraheads_aws_eks.module.eks_blueprints.module.aws_eks.data.aws_partition.current"
          ],
          "create_before_destroy": true
        }
      ]
    },
    {
      "module": "module.infraheads_aws_eks.module.eks_blueprints.module.aws_eks",
      "mode": "managed",
      "type": "aws_security_group",
      "name": "cluster",
      "provider": "provider[\"registry.terraform.io/hashicorp/aws\"]",
      "instances": [
        {
          "index_key": 0,
          "schema_version": 1,
          "attributes": {
            "arn": "arn:aws:ec2:eu-north-1:983119644965:security-group/sg-073bc7c5d392a25c4",
            "description": "EKS cluster security group",
            "egress": [
              {
                "cidr_blocks": [],
                "description": "Cluster API to node groups",
                "from_port": 443,
                "ipv6_cidr_blocks": [],
                "prefix_list_ids": [],
                "protocol": "tcp",
                "security_groups": [
                  "sg-0c88e92377a598e50"
                ],
                "self": false,
                "to_port": 443
              },
              {
                "cidr_blocks": [],
                "description": "Cluster API to node kubelets",
                "from_port": 10250,
                "ipv6_cidr_blocks": [],
                "prefix_list_ids": [],
                "protocol": "tcp",
                "security_groups": [
                  "sg-0c88e92377a598e50"
                ],
                "self": false,
                "to_port": 10250
              }
            ],
            "id": "sg-073bc7c5d392a25c4",
            "ingress": [
              {
                "cidr_blocks": [],
                "description": "Node groups to cluster API",
                "from_port": 443,
                "ipv6_cidr_blocks": [],
                "prefix_list_ids": [],
                "protocol": "tcp",
                "security_groups": [
                  "sg-0c88e92377a598e50"
                ],
                "self": false,
                "to_port": 443
              }
            ],
            "name": "demo-cluster-20221204103832641000000001",
            "name_prefix": "demo-cluster-",
            "owner_id": "983119644965",
            "revoke_rules_on_delete": false,
            "tags": {
              "Name": "demo-cluster"
            },
            "tags_all": {
              "Name": "demo-cluster"
            },
            "timeouts": null,
            "vpc_id": "vpc-099f541c1e0355870"
          },
          "sensitive_attributes": [],
          "private": "eyJlMmJmYjczMC1lY2FhLTExZTYtOGY4OC0zNDM2M2JjN2M0YzAiOnsiY3JlYXRlIjo2MDAwMDAwMDAwMDAsImRlbGV0ZSI6OTAwMDAwMDAwMDAwfSwic2NoZW1hX3ZlcnNpb24iOiIxIn0=",
          "create_before_destroy": true
        }
      ]
    },
    {
      "module": "module.infraheads_aws_eks.module.eks_blueprints.module.aws_eks",
      "mode": "managed",
      "type": "aws_security_group",
      "name": "node",
      "provider": "provider[\"registry.terraform.io/hashicorp/aws\"]",
      "instances": [
        {
          "index_key": 0,
          "schema_version": 1,
          "attributes": {
            "arn": "arn:aws:ec2:eu-north-1:983119644965:security-group/sg-0c88e92377a598e50",
            "description": "EKS node shared security group",
            "egress": [
              {
                "cidr_blocks": [
                  "0.0.0.0/0"
                ],
                "description": "Egress NTP/TCP to internet",
                "from_port": 123,
                "ipv6_cidr_blocks": [],
                "prefix_list_ids": [],
                "protocol": "tcp",
                "security_groups": [],
                "self": false,
                "to_port": 123
              },
              {
                "cidr_blocks": [
                  "0.0.0.0/0"
                ],
                "description": "Egress NTP/UDP to internet",
                "from_port": 123,
                "ipv6_cidr_blocks": [],
                "prefix_list_ids": [],
                "protocol": "udp",
                "security_groups": [],
                "self": false,
                "to_port": 123
              },
              {
                "cidr_blocks": [
                  "0.0.0.0/0"
                ],
                "description": "Egress all HTTPS to internet",
                "from_port": 443,
                "ipv6_cidr_blocks": [],
                "prefix_list_ids": [],
                "protocol": "tcp",
                "security_groups": [],
                "self": false,
                "to_port": 443
              },
              {
                "cidr_blocks": [],
                "description": "Node groups to cluster API",
                "from_port": 443,
                "ipv6_cidr_blocks": [],
                "prefix_list_ids": [],
                "protocol": "tcp",
                "security_groups": [
                  "sg-073bc7c5d392a25c4"
                ],
                "self": false,
                "to_port": 443
              },
              {
                "cidr_blocks": [],
                "description": "Node to node CoreDNS",
                "from_port": 53,
                "ipv6_cidr_blocks": [],
                "prefix_list_ids": [],
                "protocol": "tcp",
                "security_groups": [],
                "self": true,
                "to_port": 53
              },
              {
                "cidr_blocks": [],
                "description": "Node to node CoreDNS",
                "from_port": 53,
                "ipv6_cidr_blocks": [],
                "prefix_list_ids": [],
                "protocol": "udp",
                "security_groups": [],
                "self": true,
                "to_port": 53
              }
            ],
            "id": "sg-0c88e92377a598e50",
            "ingress": [
              {
                "cidr_blocks": [],
                "description": "Cluster API to node groups",
                "from_port": 443,
                "ipv6_cidr_blocks": [],
                "prefix_list_ids": [],
                "protocol": "tcp",
                "security_groups": [
                  "sg-073bc7c5d392a25c4"
                ],
                "self": false,
                "to_port": 443
              },
              {
                "cidr_blocks": [],
                "description": "Cluster API to node kubelets",
                "from_port": 10250,
                "ipv6_cidr_blocks": [],
                "prefix_list_ids": [],
                "protocol": "tcp",
                "security_groups": [
                  "sg-073bc7c5d392a25c4"
                ],
                "self": false,
                "to_port": 10250
              },
              {
                "cidr_blocks": [],
                "description": "Node to node CoreDNS",
                "from_port": 53,
                "ipv6_cidr_blocks": [],
                "prefix_list_ids": [],
                "protocol": "tcp",
                "security_groups": [],
                "self": true,
                "to_port": 53
              },
              {
                "cidr_blocks": [],
                "description": "Node to node CoreDNS",
                "from_port": 53,
                "ipv6_cidr_blocks": [],
                "prefix_list_ids": [],
                "protocol": "udp",
                "security_groups": [],
                "self": true,
                "to_port": 53
              }
            ],
            "name": "demo-node-20221204103832643500000002",
            "name_prefix": "demo-node-",
            "owner_id": "983119644965",
            "revoke_rules_on_delete": false,
            "tags": {
              "Name": "demo-node",
              "kubernetes.io/cluster/demo": "owned"
            },
            "tags_all": {
              "Name": "demo-node",
              "kubernetes.io/cluster/demo": "owned"
            },
            "timeouts": null,
            "vpc_id": "vpc-099f541c1e0355870"
          },
          "sensitive_attributes": [],
          "private": "eyJlMmJmYjczMC1lY2FhLTExZTYtOGY4OC0zNDM2M2JjN2M0YzAiOnsiY3JlYXRlIjo2MDAwMDAwMDAwMDAsImRlbGV0ZSI6OTAwMDAwMDAwMDAwfSwic2NoZW1hX3ZlcnNpb24iOiIxIn0=",
          "create_before_destroy": true
        }
      ]
    },
    {
      "module": "module.infraheads_aws_eks.module.eks_blueprints.module.aws_eks",
      "mode": "managed",
      "type": "aws_security_group_rule",
      "name": "cluster",
      "provider": "provider[\"registry.terraform.io/hashicorp/aws\"]",
      "instances": [
        {
          "index_key": "egress_nodes_443",
          "schema_version": 2,
          "attributes": {
            "cidr_blocks": null,
            "description": "Cluster API to node groups",
            "from_port": 443,
            "id": "sgrule-645160086",
            "ipv6_cidr_blocks": null,
            "prefix_list_ids": [],
            "protocol": "tcp",
            "security_group_id": "sg-073bc7c5d392a25c4",
            "security_group_rule_id": "sgr-0e7c4fac983cab030",
            "self": false,
            "source_security_group_id": "sg-0c88e92377a598e50",
            "timeouts": null,
            "to_port": 443,
            "type": "egress"
          },
          "sensitive_attributes": [],
          "private": "eyJlMmJmYjczMC1lY2FhLTExZTYtOGY4OC0zNDM2M2JjN2M0YzAiOnsiY3JlYXRlIjozMDAwMDAwMDAwMDB9LCJzY2hlbWFfdmVyc2lvbiI6IjIifQ==",
          "dependencies": [
            "module.infraheads_aws_eks.module.eks_blueprints.module.aws_eks.aws_security_group.cluster",
            "module.infraheads_aws_eks.module.eks_blueprints.module.aws_eks.aws_security_group.node"
          ],
          "create_before_destroy": true
        },
        {
          "index_key": "egress_nodes_kubelet",
          "schema_version": 2,
          "attributes": {
            "cidr_blocks": null,
            "description": "Cluster API to node kubelets",
            "from_port": 10250,
            "id": "sgrule-1004964496",
            "ipv6_cidr_blocks": null,
            "prefix_list_ids": [],
            "protocol": "tcp",
            "security_group_id": "sg-073bc7c5d392a25c4",
            "security_group_rule_id": "sgr-0cc8d31636d15a6dc",
            "self": false,
            "source_security_group_id": "sg-0c88e92377a598e50",
            "timeouts": null,
            "to_port": 10250,
            "type": "egress"
          },
          "sensitive_attributes": [],
          "private": "eyJlMmJmYjczMC1lY2FhLTExZTYtOGY4OC0zNDM2M2JjN2M0YzAiOnsiY3JlYXRlIjozMDAwMDAwMDAwMDB9LCJzY2hlbWFfdmVyc2lvbiI6IjIifQ==",
          "dependencies": [
            "module.infraheads_aws_eks.module.eks_blueprints.module.aws_eks.aws_security_group.cluster",
            "module.infraheads_aws_eks.module.eks_blueprints.module.aws_eks.aws_security_group.node"
          ],
          "create_before_destroy": true
        },
        {
          "index_key": "ingress_nodes_443",
          "schema_version": 2,
          "attributes": {
            "cidr_blocks": null,
            "description": "Node groups to cluster API",
            "from_port": 443,
            "id": "sgrule-93209784",
            "ipv6_cidr_blocks": null,
            "prefix_list_ids": [],
            "protocol": "tcp",
            "security_group_id": "sg-073bc7c5d392a25c4",
            "security_group_rule_id": "sgr-0e7c4fac983cab030",
            "self": false,
            "source_security_group_id": "sg-0c88e92377a598e50",
            "timeouts": null,
            "to_port": 443,
            "type": "ingress"
          },
          "sensitive_attributes": [],
          "private": "eyJlMmJmYjczMC1lY2FhLTExZTYtOGY4OC0zNDM2M2JjN2M0YzAiOnsiY3JlYXRlIjozMDAwMDAwMDAwMDB9LCJzY2hlbWFfdmVyc2lvbiI6IjIifQ==",
          "dependencies": [
            "module.infraheads_aws_eks.module.eks_blueprints.module.aws_eks.aws_security_group.cluster",
            "module.infraheads_aws_eks.module.eks_blueprints.module.aws_eks.aws_security_group.node"
          ],
          "create_before_destroy": true
        }
      ]
    },
    {
      "module": "module.infraheads_aws_eks.module.eks_blueprints.module.aws_eks",
      "mode": "managed",
      "type": "aws_security_group_rule",
      "name": "node",
      "provider": "provider[\"registry.terraform.io/hashicorp/aws\"]",
      "instances": [
        {
          "index_key": "egress_cluster_443",
          "schema_version": 2,
          "attributes": {
            "cidr_blocks": null,
            "description": "Node groups to cluster API",
            "from_port": 443,
            "id": "sgrule-2469606562",
            "ipv6_cidr_blocks": null,
            "prefix_list_ids": [],
            "protocol": "tcp",
            "security_group_id": "sg-0c88e92377a598e50",
            "security_group_rule_id": "sgr-0c2aff1245f7b890d",
            "self": false,
            "source_security_group_id": "sg-073bc7c5d392a25c4",
            "timeouts": null,
            "to_port": 443,
            "type": "egress"
          },
          "sensitive_attributes": [],
          "private": "eyJlMmJmYjczMC1lY2FhLTExZTYtOGY4OC0zNDM2M2JjN2M0YzAiOnsiY3JlYXRlIjozMDAwMDAwMDAwMDB9LCJzY2hlbWFfdmVyc2lvbiI6IjIifQ==",
          "dependencies": [
            "module.infraheads_aws_eks.module.eks_blueprints.module.aws_eks.aws_security_group.cluster",
            "module.infraheads_aws_eks.module.eks_blueprints.module.aws_eks.aws_security_group.node"
          ],
          "create_before_destroy": true
        },
        {
          "index_key": "egress_https",
          "schema_version": 2,
          "attributes": {
            "cidr_blocks": [
              "0.0.0.0/0"
            ],
            "description": "Egress all HTTPS to internet",
            "from_port": 443,
            "id": "sgrule-146759564",
            "ipv6_cidr_blocks": null,
            "prefix_list_ids": [],
            "protocol": "tcp",
            "security_group_id": "sg-0c88e92377a598e50",
            "security_group_rule_id": "sgr-09a4f1f16f0253964",
            "self": false,
            "source_security_group_id": null,
            "timeouts": null,
            "to_port": 443,
            "type": "egress"
          },
          "sensitive_attributes": [],
          "private": "eyJlMmJmYjczMC1lY2FhLTExZTYtOGY4OC0zNDM2M2JjN2M0YzAiOnsiY3JlYXRlIjozMDAwMDAwMDAwMDB9LCJzY2hlbWFfdmVyc2lvbiI6IjIifQ==",
          "dependencies": [
            "module.infraheads_aws_eks.module.eks_blueprints.module.aws_eks.aws_security_group.cluster",
            "module.infraheads_aws_eks.module.eks_blueprints.module.aws_eks.aws_security_group.node"
          ],
          "create_before_destroy": true
        },
        {
          "index_key": "egress_ntp_tcp",
          "schema_version": 2,
          "attributes": {
            "cidr_blocks": [
              "0.0.0.0/0"
            ],
            "description": "Egress NTP/TCP to internet",
            "from_port": 123,
            "id": "sgrule-3613483666",
            "ipv6_cidr_blocks": null,
            "prefix_list_ids": [],
            "protocol": "tcp",
            "security_group_id": "sg-0c88e92377a598e50",
            "security_group_rule_id": "sgr-01b370c1b90e31283",
            "self": false,
            "source_security_group_id": null,
            "timeouts": null,
            "to_port": 123,
            "type": "egress"
          },
          "sensitive_attributes": [],
          "private": "eyJlMmJmYjczMC1lY2FhLTExZTYtOGY4OC0zNDM2M2JjN2M0YzAiOnsiY3JlYXRlIjozMDAwMDAwMDAwMDB9LCJzY2hlbWFfdmVyc2lvbiI6IjIifQ==",
          "dependencies": [
            "module.infraheads_aws_eks.module.eks_blueprints.module.aws_eks.aws_security_group.cluster",
            "module.infraheads_aws_eks.module.eks_blueprints.module.aws_eks.aws_security_group.node"
          ],
          "create_before_destroy": true
        },
        {
          "index_key": "egress_ntp_udp",
          "schema_version": 2,
          "attributes": {
            "cidr_blocks": [
              "0.0.0.0/0"
            ],
            "description": "Egress NTP/UDP to internet",
            "from_port": 123,
            "id": "sgrule-2852079519",
            "ipv6_cidr_blocks": null,
            "prefix_list_ids": [],
            "protocol": "udp",
            "security_group_id": "sg-0c88e92377a598e50",
            "security_group_rule_id": "sgr-06e501cabad803bad",
            "self": false,
            "source_security_group_id": null,
            "timeouts": null,
            "to_port": 123,
            "type": "egress"
          },
          "sensitive_attributes": [],
          "private": "eyJlMmJmYjczMC1lY2FhLTExZTYtOGY4OC0zNDM2M2JjN2M0YzAiOnsiY3JlYXRlIjozMDAwMDAwMDAwMDB9LCJzY2hlbWFfdmVyc2lvbiI6IjIifQ==",
          "dependencies": [
            "module.infraheads_aws_eks.module.eks_blueprints.module.aws_eks.aws_security_group.cluster",
            "module.infraheads_aws_eks.module.eks_blueprints.module.aws_eks.aws_security_group.node"
          ],
          "create_before_destroy": true
        },
        {
          "index_key": "egress_self_coredns_tcp",
          "schema_version": 2,
          "attributes": {
            "cidr_blocks": null,
            "description": "Node to node CoreDNS",
            "from_port": 53,
            "id": "sgrule-1121071784",
            "ipv6_cidr_blocks": null,
            "prefix_list_ids": [],
            "protocol": "tcp",
            "security_group_id": "sg-0c88e92377a598e50",
            "security_group_rule_id": "sgr-0d3ad2fad2319c7a3",
            "self": true,
            "source_security_group_id": null,
            "timeouts": null,
            "to_port": 53,
            "type": "egress"
          },
          "sensitive_attributes": [],
          "private": "eyJlMmJmYjczMC1lY2FhLTExZTYtOGY4OC0zNDM2M2JjN2M0YzAiOnsiY3JlYXRlIjozMDAwMDAwMDAwMDB9LCJzY2hlbWFfdmVyc2lvbiI6IjIifQ==",
          "dependencies": [
            "module.infraheads_aws_eks.module.eks_blueprints.module.aws_eks.aws_security_group.cluster",
            "module.infraheads_aws_eks.module.eks_blueprints.module.aws_eks.aws_security_group.node"
          ],
          "create_before_destroy": true
        },
        {
          "index_key": "egress_self_coredns_udp",
          "schema_version": 2,
          "attributes": {
            "cidr_blocks": null,
            "description": "Node to node CoreDNS",
            "from_port": 53,
            "id": "sgrule-3434459342",
            "ipv6_cidr_blocks": null,
            "prefix_list_ids": [],
            "protocol": "udp",
            "security_group_id": "sg-0c88e92377a598e50",
            "security_group_rule_id": "sgr-03271bdc656e6f307",
            "self": true,
            "source_security_group_id": null,
            "timeouts": null,
            "to_port": 53,
            "type": "egress"
          },
          "sensitive_attributes": [],
          "private": "eyJlMmJmYjczMC1lY2FhLTExZTYtOGY4OC0zNDM2M2JjN2M0YzAiOnsiY3JlYXRlIjozMDAwMDAwMDAwMDB9LCJzY2hlbWFfdmVyc2lvbiI6IjIifQ==",
          "dependencies": [
            "module.infraheads_aws_eks.module.eks_blueprints.module.aws_eks.aws_security_group.cluster",
            "module.infraheads_aws_eks.module.eks_blueprints.module.aws_eks.aws_security_group.node"
          ],
          "create_before_destroy": true
        },
        {
          "index_key": "ingress_cluster_443",
          "schema_version": 2,
          "attributes": {
            "cidr_blocks": null,
            "description": "Cluster API to node groups",
            "from_port": 443,
            "id": "sgrule-508800764",
            "ipv6_cidr_blocks": null,
            "prefix_list_ids": [],
            "protocol": "tcp",
            "security_group_id": "sg-0c88e92377a598e50",
            "security_group_rule_id": "sgr-0c2aff1245f7b890d",
            "self": false,
            "source_security_group_id": "sg-073bc7c5d392a25c4",
            "timeouts": null,
            "to_port": 443,
            "type": "ingress"
          },
          "sensitive_attributes": [],
          "private": "eyJlMmJmYjczMC1lY2FhLTExZTYtOGY4OC0zNDM2M2JjN2M0YzAiOnsiY3JlYXRlIjozMDAwMDAwMDAwMDB9LCJzY2hlbWFfdmVyc2lvbiI6IjIifQ==",
          "dependencies": [
            "module.infraheads_aws_eks.module.eks_blueprints.module.aws_eks.aws_security_group.cluster",
            "module.infraheads_aws_eks.module.eks_blueprints.module.aws_eks.aws_security_group.node"
          ],
          "create_before_destroy": true
        },
        {
          "index_key": "ingress_cluster_kubelet",
          "schema_version": 2,
          "attributes": {
            "cidr_blocks": null,
            "description": "Cluster API to node kubelets",
            "from_port": 10250,
            "id": "sgrule-4125043873",
            "ipv6_cidr_blocks": null,
            "prefix_list_ids": [],
            "protocol": "tcp",
            "security_group_id": "sg-0c88e92377a598e50",
            "security_group_rule_id": "sgr-0d60d699b993a0c7a",
            "self": false,
            "source_security_group_id": "sg-073bc7c5d392a25c4",
            "timeouts": null,
            "to_port": 10250,
            "type": "ingress"
          },
          "sensitive_attributes": [],
          "private": "eyJlMmJmYjczMC1lY2FhLTExZTYtOGY4OC0zNDM2M2JjN2M0YzAiOnsiY3JlYXRlIjozMDAwMDAwMDAwMDB9LCJzY2hlbWFfdmVyc2lvbiI6IjIifQ==",
          "dependencies": [
            "module.infraheads_aws_eks.module.eks_blueprints.module.aws_eks.aws_security_group.cluster",
            "module.infraheads_aws_eks.module.eks_blueprints.module.aws_eks.aws_security_group.node"
          ],
          "create_before_destroy": true
        },
        {
          "index_key": "ingress_self_coredns_tcp",
          "schema_version": 2,
          "attributes": {
            "cidr_blocks": null,
            "description": "Node to node CoreDNS",
            "from_port": 53,
            "id": "sgrule-3297509245",
            "ipv6_cidr_blocks": null,
            "prefix_list_ids": [],
            "protocol": "tcp",
            "security_group_id": "sg-0c88e92377a598e50",
            "security_group_rule_id": "sgr-0d3ad2fad2319c7a3",
            "self": true,
            "source_security_group_id": null,
            "timeouts": null,
            "to_port": 53,
            "type": "ingress"
          },
          "sensitive_attributes": [],
          "private": "eyJlMmJmYjczMC1lY2FhLTExZTYtOGY4OC0zNDM2M2JjN2M0YzAiOnsiY3JlYXRlIjozMDAwMDAwMDAwMDB9LCJzY2hlbWFfdmVyc2lvbiI6IjIifQ==",
          "dependencies": [
            "module.infraheads_aws_eks.module.eks_blueprints.module.aws_eks.aws_security_group.cluster",
            "module.infraheads_aws_eks.module.eks_blueprints.module.aws_eks.aws_security_group.node"
          ],
          "create_before_destroy": true
        },
        {
          "index_key": "ingress_self_coredns_udp",
          "schema_version": 2,
          "attributes": {
            "cidr_blocks": null,
            "description": "Node to node CoreDNS",
            "from_port": 53,
            "id": "sgrule-1624530066",
            "ipv6_cidr_blocks": null,
            "prefix_list_ids": [],
            "protocol": "udp",
            "security_group_id": "sg-0c88e92377a598e50",
            "security_group_rule_id": "sgr-0d872c4a8e93160db",
            "self": true,
            "source_security_group_id": null,
            "timeouts": null,
            "to_port": 53,
            "type": "ingress"
          },
          "sensitive_attributes": [],
          "private": "eyJlMmJmYjczMC1lY2FhLTExZTYtOGY4OC0zNDM2M2JjN2M0YzAiOnsiY3JlYXRlIjozMDAwMDAwMDAwMDB9LCJzY2hlbWFfdmVyc2lvbiI6IjIifQ==",
          "dependencies": [
            "module.infraheads_aws_eks.module.eks_blueprints.module.aws_eks.aws_security_group.cluster",
            "module.infraheads_aws_eks.module.eks_blueprints.module.aws_eks.aws_security_group.node"
          ],
          "create_before_destroy": true
        }
      ]
    },
    {
      "module": "module.infraheads_aws_eks.module.eks_blueprints.module.aws_eks.module.kms",
      "mode": "data",
      "type": "aws_caller_identity",
      "name": "current",
      "provider": "provider[\"registry.terraform.io/hashicorp/aws\"]",
      "instances": [
        {
          "schema_version": 0,
          "attributes": {
            "account_id": "983119644965",
            "arn": "arn:aws:iam::983119644965:root",
            "id": "983119644965",
            "user_id": "983119644965"
          },
          "sensitive_attributes": []
        }
      ]
    },
    {
      "module": "module.infraheads_aws_eks.module.eks_blueprints.module.aws_eks.module.kms",
      "mode": "data",
      "type": "aws_partition",
      "name": "current",
      "provider": "provider[\"registry.terraform.io/hashicorp/aws\"]",
      "instances": [
        {
          "schema_version": 0,
          "attributes": {
            "dns_suffix": "amazonaws.com",
            "id": "aws",
            "partition": "aws",
            "reverse_dns_prefix": "com.amazonaws"
          },
          "sensitive_attributes": []
        }
      ]
    },
    {
      "module": "module.infraheads_aws_eks.module.eks_blueprints.module.aws_eks_managed_node_groups[\"node_group\"]",
      "mode": "data",
      "type": "aws_iam_policy_document",
      "name": "managed_ng_assume_role_policy",
      "provider": "provider[\"registry.terraform.io/hashicorp/aws\"]",
      "instances": [
        {
          "schema_version": 0,
          "attributes": {
            "id": "3778018924",
            "json": "{\n  \"Version\": \"2012-10-17\",\n  \"Statement\": [\n    {\n      \"Sid\": \"EKSWorkerAssumeRole\",\n      \"Effect\": \"Allow\",\n      \"Action\": \"sts:AssumeRole\",\n      \"Principal\": {\n        \"Service\": \"ec2.amazonaws.com\"\n      }\n    }\n  ]\n}",
            "override_json": null,
            "override_policy_documents": null,
            "policy_id": null,
            "source_json": null,
            "source_policy_documents": null,
            "statement": [
              {
                "actions": [
                  "sts:AssumeRole"
                ],
                "condition": [],
                "effect": "Allow",
                "not_actions": [],
                "not_principals": [],
                "not_resources": [],
                "principals": [
                  {
                    "identifiers": [
                      "ec2.amazonaws.com"
                    ],
                    "type": "Service"
                  }
                ],
                "resources": [],
                "sid": "EKSWorkerAssumeRole"
              }
            ],
            "version": "2012-10-17"
          },
          "sensitive_attributes": []
        }
      ]
    },
    {
      "module": "module.infraheads_aws_eks.module.eks_blueprints.module.aws_eks_managed_node_groups[\"node_group\"]",
      "mode": "managed",
      "type": "aws_eks_node_group",
      "name": "managed_ng",
      "provider": "provider[\"registry.terraform.io/hashicorp/aws\"]",
      "instances": [
        {
          "schema_version": 0,
          "attributes": {
            "ami_type": "AL2_x86_64",
            "arn": "arn:aws:eks:eu-north-1:983119644965:nodegroup/demo/my-nodegroup-20221204110127026700000001/24c26e66-269e-95f2-5b25-4297f9eede72",
            "capacity_type": "ON_DEMAND",
            "cluster_name": "demo",
            "disk_size": 50,
            "force_update_version": null,
            "id": "demo:my-nodegroup-20221204110127026700000001",
            "instance_types": [
              "t3.medium"
            ],
            "labels": {},
            "launch_template": [],
            "node_group_name": "my-nodegroup-20221204110127026700000001",
            "node_group_name_prefix": "my-nodegroup-",
            "node_role_arn": "arn:aws:iam::983119644965:role/demo-my-nodegroup",
            "release_version": "1.23.13-20221112",
            "remote_access": [],
            "resources": [
              {
                "autoscaling_groups": [
                  {
                    "name": "eks-my-nodegroup-20221204110127026700000001-24c26e66-269e-95f2-5b25-4297f9eede72"
                  }
                ],
                "remote_access_security_group_id": ""
              }
            ],
            "scaling_config": [
              {
                "desired_size": 3,
                "max_size": 5,
                "min_size": 2
              }
            ],
            "status": "ACTIVE",
            "subnet_ids": [
              "subnet-0d29af39329819d69",
              "subnet-0f72d078e790654e3"
            ],
            "tags": {
              "Name": "demo-my-nodegroup",
              "k8s.io/cluster-autoscaler/demo": "owned",
              "k8s.io/cluster-autoscaler/enabled": "TRUE",
              "kubernetes.io/cluster/demo": "owned",
              "managed-by": "terraform-aws-eks-blueprints"
            },
            "tags_all": {
              "Name": "demo-my-nodegroup",
              "k8s.io/cluster-autoscaler/demo": "owned",
              "k8s.io/cluster-autoscaler/enabled": "TRUE",
              "kubernetes.io/cluster/demo": "owned",
              "managed-by": "terraform-aws-eks-blueprints"
            },
            "taint": [],
            "timeouts": {
              "create": "30m",
              "delete": "30m",
              "update": "2h"
            },
            "update_config": [
              {
                "max_unavailable": 1,
                "max_unavailable_percentage": 0
              }
            ],
            "version": "1.23"
          },
          "sensitive_attributes": [],
          "private": "eyJlMmJmYjczMC1lY2FhLTExZTYtOGY4OC0zNDM2M2JjN2M0YzAiOnsiY3JlYXRlIjoxODAwMDAwMDAwMDAwLCJkZWxldGUiOjE4MDAwMDAwMDAwMDAsInVwZGF0ZSI6NzIwMDAwMDAwMDAwMH19",
          "dependencies": [
            "data.aws_eks_cluster_auth.this",
            "module.infraheads_aws_eks.module.eks_blueprints.data.aws_caller_identity.current",
            "module.infraheads_aws_eks.module.eks_blueprints.data.aws_iam_policy_document.eks_key",
            "module.infraheads_aws_eks.module.eks_blueprints.data.aws_partition.current",
            "module.infraheads_aws_eks.module.eks_blueprints.data.aws_region.current",
            "module.infraheads_aws_eks.module.eks_blueprints.data.http.eks_cluster_readiness",
            "module.infraheads_aws_eks.module.eks_blueprints.kubernetes_config_map.aws_auth",
            "module.infraheads_aws_eks.module.eks_blueprints.module.aws_eks.aws_cloudwatch_log_group.this",
            "module.infraheads_aws_eks.module.eks_blueprints.module.aws_eks.aws_eks_cluster.this",
            "module.infraheads_aws_eks.module.eks_blueprints.module.aws_eks.aws_iam_role.this",
            "module.infraheads_aws_eks.module.eks_blueprints.module.aws_eks.aws_iam_role_policy_attachment.this",
            "module.infraheads_aws_eks.module.eks_blueprints.module.aws_eks.aws_security_group.cluster",
            "module.infraheads_aws_eks.module.eks_blueprints.module.aws_eks.aws_security_group.node",
            "module.infraheads_aws_eks.module.eks_blueprints.module.aws_eks.aws_security_group_rule.cluster",
            "module.infraheads_aws_eks.module.eks_blueprints.module.aws_eks.aws_security_group_rule.node",
            "module.infraheads_aws_eks.module.eks_blueprints.module.aws_eks.data.aws_iam_policy_document.assume_role_policy",
            "module.infraheads_aws_eks.module.eks_blueprints.module.aws_eks.data.aws_partition.current",
            "module.infraheads_aws_eks.module.eks_blueprints.module.aws_eks.module.kms.aws_kms_external_key.this",
            "module.infraheads_aws_eks.module.eks_blueprints.module.aws_eks.module.kms.aws_kms_key.this",
            "module.infraheads_aws_eks.module.eks_blueprints.module.aws_eks_managed_node_groups.aws_iam_instance_profile.managed_ng",
            "module.infraheads_aws_eks.module.eks_blueprints.module.aws_eks_managed_node_groups.aws_iam_role.managed_ng",
            "module.infraheads_aws_eks.module.eks_blueprints.module.aws_eks_managed_node_groups.aws_iam_role_policy_attachment.managed_ng",
            "module.infraheads_aws_eks.module.eks_blueprints.module.aws_eks_managed_node_groups.aws_launch_template.managed_node_groups",
            "module.infraheads_aws_eks.module.eks_blueprints.module.aws_eks_managed_node_groups.data.aws_iam_policy_document.managed_ng_assume_role_policy",
            "module.infraheads_aws_eks.module.eks_blueprints.module.kms.aws_kms_key.this"
          ],
          "create_before_destroy": true
        }
      ]
    },
    {
      "module": "module.infraheads_aws_eks.module.eks_blueprints.module.aws_eks_managed_node_groups[\"node_group\"]",
      "mode": "managed",
      "type": "aws_iam_instance_profile",
      "name": "managed_ng",
      "provider": "provider[\"registry.terraform.io/hashicorp/aws\"]",
      "instances": [
        {
          "index_key": 0,
          "schema_version": 0,
          "attributes": {
            "arn": "arn:aws:iam::983119644965:instance-profile/demo-my-nodegroup",
            "create_date": "2022-12-04T10:58:45Z",
            "id": "demo-my-nodegroup",
            "name": "demo-my-nodegroup",
            "name_prefix": null,
            "path": "/",
            "role": "demo-my-nodegroup",
            "tags": {},
            "tags_all": {},
            "unique_id": "AIPA6JZT7JES5EQPBCOYG"
          },
          "sensitive_attributes": [],
          "private": "bnVsbA==",
          "dependencies": [
            "data.aws_eks_cluster_auth.this",
            "module.infraheads_aws_eks.module.eks_blueprints.data.aws_caller_identity.current",
            "module.infraheads_aws_eks.module.eks_blueprints.data.aws_iam_policy_document.eks_key",
            "module.infraheads_aws_eks.module.eks_blueprints.data.aws_partition.current",
            "module.infraheads_aws_eks.module.eks_blueprints.data.aws_region.current",
            "module.infraheads_aws_eks.module.eks_blueprints.data.http.eks_cluster_readiness",
            "module.infraheads_aws_eks.module.eks_blueprints.kubernetes_config_map.aws_auth",
            "module.infraheads_aws_eks.module.eks_blueprints.module.aws_eks.aws_cloudwatch_log_group.this",
            "module.infraheads_aws_eks.module.eks_blueprints.module.aws_eks.aws_eks_cluster.this",
            "module.infraheads_aws_eks.module.eks_blueprints.module.aws_eks.aws_iam_role.this",
            "module.infraheads_aws_eks.module.eks_blueprints.module.aws_eks.aws_iam_role_policy_attachment.this",
            "module.infraheads_aws_eks.module.eks_blueprints.module.aws_eks.aws_security_group.cluster",
            "module.infraheads_aws_eks.module.eks_blueprints.module.aws_eks.aws_security_group.node",
            "module.infraheads_aws_eks.module.eks_blueprints.module.aws_eks.aws_security_group_rule.cluster",
            "module.infraheads_aws_eks.module.eks_blueprints.module.aws_eks.aws_security_group_rule.node",
            "module.infraheads_aws_eks.module.eks_blueprints.module.aws_eks.data.aws_iam_policy_document.assume_role_policy",
            "module.infraheads_aws_eks.module.eks_blueprints.module.aws_eks.data.aws_partition.current",
            "module.infraheads_aws_eks.module.eks_blueprints.module.aws_eks.module.kms.aws_kms_external_key.this",
            "module.infraheads_aws_eks.module.eks_blueprints.module.aws_eks.module.kms.aws_kms_key.this",
            "module.infraheads_aws_eks.module.eks_blueprints.module.aws_eks_managed_node_groups.aws_iam_role.managed_ng",
            "module.infraheads_aws_eks.module.eks_blueprints.module.aws_eks_managed_node_groups.data.aws_iam_policy_document.managed_ng_assume_role_policy",
            "module.infraheads_aws_eks.module.eks_blueprints.module.kms.aws_kms_key.this"
          ],
          "create_before_destroy": true
        }
      ]
    },
    {
      "module": "module.infraheads_aws_eks.module.eks_blueprints.module.aws_eks_managed_node_groups[\"node_group\"]",
      "mode": "managed",
      "type": "aws_iam_role",
      "name": "managed_ng",
      "provider": "provider[\"registry.terraform.io/hashicorp/aws\"]",
      "instances": [
        {
          "index_key": 0,
          "schema_version": 0,
          "attributes": {
            "arn": "arn:aws:iam::983119644965:role/demo-my-nodegroup",
            "assume_role_policy": "{\"Statement\":[{\"Action\":\"sts:AssumeRole\",\"Effect\":\"Allow\",\"Principal\":{\"Service\":\"ec2.amazonaws.com\"},\"Sid\":\"EKSWorkerAssumeRole\"}],\"Version\":\"2012-10-17\"}",
            "create_date": "2022-12-04T10:58:43Z",
            "description": "EKS Managed Node group IAM Role",
            "force_detach_policies": true,
            "id": "demo-my-nodegroup",
            "inline_policy": [],
            "managed_policy_arns": [
              "arn:aws:iam::aws:policy/AmazonEC2ContainerRegistryReadOnly",
              "arn:aws:iam::aws:policy/AmazonEKSWorkerNodePolicy",
              "arn:aws:iam::aws:policy/AmazonEKS_CNI_Policy",
              "arn:aws:iam::aws:policy/AmazonSSMManagedInstanceCore"
            ],
            "max_session_duration": 3600,
            "name": "demo-my-nodegroup",
            "name_prefix": "",
            "path": "/",
            "permissions_boundary": null,
            "tags": {},
            "tags_all": {},
            "unique_id": "AROA6JZT7JESZZURYIZWX"
          },
          "sensitive_attributes": [],
          "private": "bnVsbA==",
          "dependencies": [
            "data.aws_eks_cluster_auth.this",
            "module.infraheads_aws_eks.module.eks_blueprints.data.aws_caller_identity.current",
            "module.infraheads_aws_eks.module.eks_blueprints.data.aws_iam_policy_document.eks_key",
            "module.infraheads_aws_eks.module.eks_blueprints.data.aws_partition.current",
            "module.infraheads_aws_eks.module.eks_blueprints.data.aws_region.current",
            "module.infraheads_aws_eks.module.eks_blueprints.data.http.eks_cluster_readiness",
            "module.infraheads_aws_eks.module.eks_blueprints.kubernetes_config_map.aws_auth",
            "module.infraheads_aws_eks.module.eks_blueprints.module.aws_eks.aws_cloudwatch_log_group.this",
            "module.infraheads_aws_eks.module.eks_blueprints.module.aws_eks.aws_eks_cluster.this",
            "module.infraheads_aws_eks.module.eks_blueprints.module.aws_eks.aws_iam_role.this",
            "module.infraheads_aws_eks.module.eks_blueprints.module.aws_eks.aws_iam_role_policy_attachment.this",
            "module.infraheads_aws_eks.module.eks_blueprints.module.aws_eks.aws_security_group.cluster",
            "module.infraheads_aws_eks.module.eks_blueprints.module.aws_eks.aws_security_group.node",
            "module.infraheads_aws_eks.module.eks_blueprints.module.aws_eks.aws_security_group_rule.cluster",
            "module.infraheads_aws_eks.module.eks_blueprints.module.aws_eks.aws_security_group_rule.node",
            "module.infraheads_aws_eks.module.eks_blueprints.module.aws_eks.data.aws_iam_policy_document.assume_role_policy",
            "module.infraheads_aws_eks.module.eks_blueprints.module.aws_eks.data.aws_partition.current",
            "module.infraheads_aws_eks.module.eks_blueprints.module.aws_eks.module.kms.aws_kms_external_key.this",
            "module.infraheads_aws_eks.module.eks_blueprints.module.aws_eks.module.kms.aws_kms_key.this",
            "module.infraheads_aws_eks.module.eks_blueprints.module.aws_eks_managed_node_groups.data.aws_iam_policy_document.managed_ng_assume_role_policy",
            "module.infraheads_aws_eks.module.eks_blueprints.module.kms.aws_kms_key.this"
          ],
          "create_before_destroy": true
        }
      ]
    },
    {
      "module": "module.infraheads_aws_eks.module.eks_blueprints.module.aws_eks_managed_node_groups[\"node_group\"]",
      "mode": "managed",
      "type": "aws_iam_role_policy_attachment",
      "name": "managed_ng",
      "provider": "provider[\"registry.terraform.io/hashicorp/aws\"]",
      "instances": [
        {
          "index_key": "arn:aws:iam::aws:policy/AmazonEC2ContainerRegistryReadOnly",
          "schema_version": 0,
          "attributes": {
            "id": "demo-my-nodegroup-20221204105845368200000001",
            "policy_arn": "arn:aws:iam::aws:policy/AmazonEC2ContainerRegistryReadOnly",
            "role": "demo-my-nodegroup"
          },
          "sensitive_attributes": [],
          "private": "bnVsbA==",
          "dependencies": [
            "data.aws_eks_cluster_auth.this",
            "module.infraheads_aws_eks.module.eks_blueprints.data.aws_caller_identity.current",
            "module.infraheads_aws_eks.module.eks_blueprints.data.aws_iam_policy_document.eks_key",
            "module.infraheads_aws_eks.module.eks_blueprints.data.aws_partition.current",
            "module.infraheads_aws_eks.module.eks_blueprints.data.aws_region.current",
            "module.infraheads_aws_eks.module.eks_blueprints.data.http.eks_cluster_readiness",
            "module.infraheads_aws_eks.module.eks_blueprints.kubernetes_config_map.aws_auth",
            "module.infraheads_aws_eks.module.eks_blueprints.module.aws_eks.aws_cloudwatch_log_group.this",
            "module.infraheads_aws_eks.module.eks_blueprints.module.aws_eks.aws_eks_cluster.this",
            "module.infraheads_aws_eks.module.eks_blueprints.module.aws_eks.aws_iam_role.this",
            "module.infraheads_aws_eks.module.eks_blueprints.module.aws_eks.aws_iam_role_policy_attachment.this",
            "module.infraheads_aws_eks.module.eks_blueprints.module.aws_eks.aws_security_group.cluster",
            "module.infraheads_aws_eks.module.eks_blueprints.module.aws_eks.aws_security_group.node",
            "module.infraheads_aws_eks.module.eks_blueprints.module.aws_eks.aws_security_group_rule.cluster",
            "module.infraheads_aws_eks.module.eks_blueprints.module.aws_eks.aws_security_group_rule.node",
            "module.infraheads_aws_eks.module.eks_blueprints.module.aws_eks.data.aws_iam_policy_document.assume_role_policy",
            "module.infraheads_aws_eks.module.eks_blueprints.module.aws_eks.data.aws_partition.current",
            "module.infraheads_aws_eks.module.eks_blueprints.module.aws_eks.module.kms.aws_kms_external_key.this",
            "module.infraheads_aws_eks.module.eks_blueprints.module.aws_eks.module.kms.aws_kms_key.this",
            "module.infraheads_aws_eks.module.eks_blueprints.module.aws_eks_managed_node_groups.aws_iam_role.managed_ng",
            "module.infraheads_aws_eks.module.eks_blueprints.module.aws_eks_managed_node_groups.data.aws_iam_policy_document.managed_ng_assume_role_policy",
            "module.infraheads_aws_eks.module.eks_blueprints.module.kms.aws_kms_key.this"
          ],
          "create_before_destroy": true
        },
        {
          "index_key": "arn:aws:iam::aws:policy/AmazonEKSWorkerNodePolicy",
          "schema_version": 0,
          "attributes": {
            "id": "demo-my-nodegroup-20221204105845811400000003",
            "policy_arn": "arn:aws:iam::aws:policy/AmazonEKSWorkerNodePolicy",
            "role": "demo-my-nodegroup"
          },
          "sensitive_attributes": [],
          "private": "bnVsbA==",
          "dependencies": [
            "data.aws_eks_cluster_auth.this",
            "module.infraheads_aws_eks.module.eks_blueprints.data.aws_caller_identity.current",
            "module.infraheads_aws_eks.module.eks_blueprints.data.aws_iam_policy_document.eks_key",
            "module.infraheads_aws_eks.module.eks_blueprints.data.aws_partition.current",
            "module.infraheads_aws_eks.module.eks_blueprints.data.aws_region.current",
            "module.infraheads_aws_eks.module.eks_blueprints.data.http.eks_cluster_readiness",
            "module.infraheads_aws_eks.module.eks_blueprints.kubernetes_config_map.aws_auth",
            "module.infraheads_aws_eks.module.eks_blueprints.module.aws_eks.aws_cloudwatch_log_group.this",
            "module.infraheads_aws_eks.module.eks_blueprints.module.aws_eks.aws_eks_cluster.this",
            "module.infraheads_aws_eks.module.eks_blueprints.module.aws_eks.aws_iam_role.this",
            "module.infraheads_aws_eks.module.eks_blueprints.module.aws_eks.aws_iam_role_policy_attachment.this",
            "module.infraheads_aws_eks.module.eks_blueprints.module.aws_eks.aws_security_group.cluster",
            "module.infraheads_aws_eks.module.eks_blueprints.module.aws_eks.aws_security_group.node",
            "module.infraheads_aws_eks.module.eks_blueprints.module.aws_eks.aws_security_group_rule.cluster",
            "module.infraheads_aws_eks.module.eks_blueprints.module.aws_eks.aws_security_group_rule.node",
            "module.infraheads_aws_eks.module.eks_blueprints.module.aws_eks.data.aws_iam_policy_document.assume_role_policy",
            "module.infraheads_aws_eks.module.eks_blueprints.module.aws_eks.data.aws_partition.current",
            "module.infraheads_aws_eks.module.eks_blueprints.module.aws_eks.module.kms.aws_kms_external_key.this",
            "module.infraheads_aws_eks.module.eks_blueprints.module.aws_eks.module.kms.aws_kms_key.this",
            "module.infraheads_aws_eks.module.eks_blueprints.module.aws_eks_managed_node_groups.aws_iam_role.managed_ng",
            "module.infraheads_aws_eks.module.eks_blueprints.module.aws_eks_managed_node_groups.data.aws_iam_policy_document.managed_ng_assume_role_policy",
            "module.infraheads_aws_eks.module.eks_blueprints.module.kms.aws_kms_key.this"
          ],
          "create_before_destroy": true
        },
        {
          "index_key": "arn:aws:iam::aws:policy/AmazonEKS_CNI_Policy",
          "schema_version": 0,
          "attributes": {
            "id": "demo-my-nodegroup-20221204105845577500000002",
            "policy_arn": "arn:aws:iam::aws:policy/AmazonEKS_CNI_Policy",
            "role": "demo-my-nodegroup"
          },
          "sensitive_attributes": [],
          "private": "bnVsbA==",
          "dependencies": [
            "data.aws_eks_cluster_auth.this",
            "module.infraheads_aws_eks.module.eks_blueprints.data.aws_caller_identity.current",
            "module.infraheads_aws_eks.module.eks_blueprints.data.aws_iam_policy_document.eks_key",
            "module.infraheads_aws_eks.module.eks_blueprints.data.aws_partition.current",
            "module.infraheads_aws_eks.module.eks_blueprints.data.aws_region.current",
            "module.infraheads_aws_eks.module.eks_blueprints.data.http.eks_cluster_readiness",
            "module.infraheads_aws_eks.module.eks_blueprints.kubernetes_config_map.aws_auth",
            "module.infraheads_aws_eks.module.eks_blueprints.module.aws_eks.aws_cloudwatch_log_group.this",
            "module.infraheads_aws_eks.module.eks_blueprints.module.aws_eks.aws_eks_cluster.this",
            "module.infraheads_aws_eks.module.eks_blueprints.module.aws_eks.aws_iam_role.this",
            "module.infraheads_aws_eks.module.eks_blueprints.module.aws_eks.aws_iam_role_policy_attachment.this",
            "module.infraheads_aws_eks.module.eks_blueprints.module.aws_eks.aws_security_group.cluster",
            "module.infraheads_aws_eks.module.eks_blueprints.module.aws_eks.aws_security_group.node",
            "module.infraheads_aws_eks.module.eks_blueprints.module.aws_eks.aws_security_group_rule.cluster",
            "module.infraheads_aws_eks.module.eks_blueprints.module.aws_eks.aws_security_group_rule.node",
            "module.infraheads_aws_eks.module.eks_blueprints.module.aws_eks.data.aws_iam_policy_document.assume_role_policy",
            "module.infraheads_aws_eks.module.eks_blueprints.module.aws_eks.data.aws_partition.current",
            "module.infraheads_aws_eks.module.eks_blueprints.module.aws_eks.module.kms.aws_kms_external_key.this",
            "module.infraheads_aws_eks.module.eks_blueprints.module.aws_eks.module.kms.aws_kms_key.this",
            "module.infraheads_aws_eks.module.eks_blueprints.module.aws_eks_managed_node_groups.aws_iam_role.managed_ng",
            "module.infraheads_aws_eks.module.eks_blueprints.module.aws_eks_managed_node_groups.data.aws_iam_policy_document.managed_ng_assume_role_policy",
            "module.infraheads_aws_eks.module.eks_blueprints.module.kms.aws_kms_key.this"
          ],
          "create_before_destroy": true
        },
        {
          "index_key": "arn:aws:iam::aws:policy/AmazonSSMManagedInstanceCore",
          "schema_version": 0,
          "attributes": {
            "id": "demo-my-nodegroup-20221204105845993100000004",
            "policy_arn": "arn:aws:iam::aws:policy/AmazonSSMManagedInstanceCore",
            "role": "demo-my-nodegroup"
          },
          "sensitive_attributes": [],
          "private": "bnVsbA==",
          "dependencies": [
            "data.aws_eks_cluster_auth.this",
            "module.infraheads_aws_eks.module.eks_blueprints.data.aws_caller_identity.current",
            "module.infraheads_aws_eks.module.eks_blueprints.data.aws_iam_policy_document.eks_key",
            "module.infraheads_aws_eks.module.eks_blueprints.data.aws_partition.current",
            "module.infraheads_aws_eks.module.eks_blueprints.data.aws_region.current",
            "module.infraheads_aws_eks.module.eks_blueprints.data.http.eks_cluster_readiness",
            "module.infraheads_aws_eks.module.eks_blueprints.kubernetes_config_map.aws_auth",
            "module.infraheads_aws_eks.module.eks_blueprints.module.aws_eks.aws_cloudwatch_log_group.this",
            "module.infraheads_aws_eks.module.eks_blueprints.module.aws_eks.aws_eks_cluster.this",
            "module.infraheads_aws_eks.module.eks_blueprints.module.aws_eks.aws_iam_role.this",
            "module.infraheads_aws_eks.module.eks_blueprints.module.aws_eks.aws_iam_role_policy_attachment.this",
            "module.infraheads_aws_eks.module.eks_blueprints.module.aws_eks.aws_security_group.cluster",
            "module.infraheads_aws_eks.module.eks_blueprints.module.aws_eks.aws_security_group.node",
            "module.infraheads_aws_eks.module.eks_blueprints.module.aws_eks.aws_security_group_rule.cluster",
            "module.infraheads_aws_eks.module.eks_blueprints.module.aws_eks.aws_security_group_rule.node",
            "module.infraheads_aws_eks.module.eks_blueprints.module.aws_eks.data.aws_iam_policy_document.assume_role_policy",
            "module.infraheads_aws_eks.module.eks_blueprints.module.aws_eks.data.aws_partition.current",
            "module.infraheads_aws_eks.module.eks_blueprints.module.aws_eks.module.kms.aws_kms_external_key.this",
            "module.infraheads_aws_eks.module.eks_blueprints.module.aws_eks.module.kms.aws_kms_key.this",
            "module.infraheads_aws_eks.module.eks_blueprints.module.aws_eks_managed_node_groups.aws_iam_role.managed_ng",
            "module.infraheads_aws_eks.module.eks_blueprints.module.aws_eks_managed_node_groups.data.aws_iam_policy_document.managed_ng_assume_role_policy",
            "module.infraheads_aws_eks.module.eks_blueprints.module.kms.aws_kms_key.this"
          ],
          "create_before_destroy": true
        }
      ]
    },
    {
      "module": "module.infraheads_aws_eks.module.eks_blueprints.module.kms[0]",
      "mode": "managed",
      "type": "aws_kms_alias",
      "name": "this",
      "provider": "provider[\"registry.terraform.io/hashicorp/aws\"]",
      "instances": [
        {
          "schema_version": 0,
          "attributes": {
            "arn": "arn:aws:kms:eu-north-1:983119644965:alias/demo",
            "id": "alias/demo",
            "name": "alias/demo",
            "name_prefix": "",
            "target_key_arn": "arn:aws:kms:eu-north-1:983119644965:key/d5a1b68e-185d-4ef5-a013-fb9a8e3f6496",
            "target_key_id": "d5a1b68e-185d-4ef5-a013-fb9a8e3f6496"
          },
          "sensitive_attributes": [],
          "private": "bnVsbA==",
          "dependencies": [
            "module.infraheads_aws_eks.module.eks_blueprints.data.aws_iam_policy_document.eks_key",
            "module.infraheads_aws_eks.module.eks_blueprints.module.kms.aws_kms_key.this"
          ]
        }
      ]
    },
    {
      "module": "module.infraheads_aws_eks.module.eks_blueprints.module.kms[0]",
      "mode": "managed",
      "type": "aws_kms_key",
      "name": "this",
      "provider": "provider[\"registry.terraform.io/hashicorp/aws\"]",
      "instances": [
        {
          "schema_version": 0,
          "attributes": {
            "arn": "arn:aws:kms:eu-north-1:983119644965:key/d5a1b68e-185d-4ef5-a013-fb9a8e3f6496",
            "bypass_policy_lockout_safety_check": false,
            "custom_key_store_id": "",
            "customer_master_key_spec": "SYMMETRIC_DEFAULT",
            "deletion_window_in_days": 30,
            "description": "demo EKS cluster secret encryption key",
            "enable_key_rotation": true,
            "id": "d5a1b68e-185d-4ef5-a013-fb9a8e3f6496",
            "is_enabled": true,
            "key_id": "d5a1b68e-185d-4ef5-a013-fb9a8e3f6496",
            "key_usage": "ENCRYPT_DECRYPT",
            "multi_region": false,
            "policy": "{\n  \"Version\": \"2012-10-17\",\n  \"Statement\": [\n    {\n      \"Sid\": \"Allow access for all principals in the account that are authorized\",\n      \"Effect\": \"Allow\",\n      \"Action\": [\n        \"kms:ReEncrypt*\",\n        \"kms:GenerateDataKey*\",\n        \"kms:Encrypt\",\n        \"kms:DescribeKey\",\n        \"kms:Decrypt\",\n        \"kms:CreateGrant\"\n      ],\n      \"Resource\": \"*\",\n      \"Principal\": {\n        \"AWS\": \"arn:aws:iam::983119644965:root\"\n      },\n      \"Condition\": {\n        \"StringEquals\": {\n          \"kms:CallerAccount\": \"983119644965\",\n          \"kms:ViaService\": \"eks.eu-north-1.amazonaws.com\"\n        }\n      }\n    },\n    {\n      \"Sid\": \"Allow direct access to key metadata to the account\",\n      \"Effect\": \"Allow\",\n      \"Action\": [\n        \"kms:RevokeGrant\",\n        \"kms:List*\",\n        \"kms:Get*\",\n        \"kms:Describe*\"\n      ],\n      \"Resource\": \"*\",\n      \"Principal\": {\n        \"AWS\": \"arn:aws:iam::983119644965:root\"\n      }\n    },\n    {\n      \"Sid\": \"Allow access for Key Administrators\",\n      \"Effect\": \"Allow\",\n      \"Action\": \"kms:*\",\n      \"Resource\": \"*\",\n      \"Principal\": {\n        \"AWS\": \"arn:aws:iam::983119644965:root\"\n      }\n    },\n    {\n      \"Sid\": \"Allow use of the key\",\n      \"Effect\": \"Allow\",\n      \"Action\": [\n        \"kms:ReEncrypt*\",\n        \"kms:GenerateDataKey*\",\n        \"kms:Encrypt\",\n        \"kms:DescribeKey\",\n        \"kms:Decrypt\"\n      ],\n      \"Resource\": \"*\",\n      \"Principal\": {\n        \"AWS\": \"arn:aws:iam::983119644965:role/demo-cluster-role\"\n      }\n    },\n    {\n      \"Sid\": \"Allow attachment of persistent resources\",\n      \"Effect\": \"Allow\",\n      \"Action\": [\n        \"kms:RevokeGrant\",\n        \"kms:ListGrants\",\n        \"kms:CreateGrant\"\n      ],\n      \"Resource\": \"*\",\n      \"Principal\": {\n        \"AWS\": \"arn:aws:iam::983119644965:role/demo-cluster-role\"\n      },\n      \"Condition\": {\n        \"Bool\": {\n          \"kms:GrantIsForAWSResource\": \"true\"\n        }\n      }\n    }\n  ]\n}",
            "tags": {},
            "tags_all": {}
          },
          "sensitive_attributes": [],
          "private": "bnVsbA==",
          "dependencies": [
            "module.infraheads_aws_eks.module.eks_blueprints.data.aws_iam_policy_document.eks_key"
          ],
          "create_before_destroy": true
        }
      ]
    },
    {
      "module": "module.infraheads_aws_eks_addons.module.addons",
      "mode": "data",
      "type": "aws_caller_identity",
      "name": "current",
      "provider": "provider[\"registry.terraform.io/hashicorp/aws\"]",
      "instances": [
        {
          "schema_version": 0,
          "attributes": {
            "account_id": "983119644965",
            "arn": "arn:aws:iam::983119644965:root",
            "id": "983119644965",
            "user_id": "983119644965"
          },
          "sensitive_attributes": []
        }
      ]
    },
    {
      "module": "module.infraheads_aws_eks_addons.module.addons",
      "mode": "data",
      "type": "aws_eks_cluster",
      "name": "eks_cluster",
      "provider": "provider[\"registry.terraform.io/hashicorp/aws\"]",
      "instances": [
        {
          "schema_version": 0,
          "attributes": {
            "arn": "arn:aws:eks:eu-north-1:983119644965:cluster/demo",
            "certificate_authority": [
              {
                "data": "LS0tLS1CRUdJTiBDRVJUSUZJQ0FURS0tLS0tCk1JSUMvakNDQWVhZ0F3SUJBZ0lCQURBTkJna3Foa2lHOXcwQkFRc0ZBREFWTVJNd0VRWURWUVFERXdwcmRXSmwKY201bGRHVnpNQjRYRFRJeU1USXdOREV3TkRneE5Gb1hEVE15TVRJd01URXdORGd4TkZvd0ZURVRNQkVHQTFVRQpBeE1LYTNWaVpYSnVaWFJsY3pDQ0FTSXdEUVlKS29aSWh2Y05BUUVCQlFBRGdnRVBBRENDQVFvQ2dnRUJBTVVGCnhpcW9JSjJOZ09GemxLVnY1TzNXL09LSU5wdS9yY20zNHdQY0JjRzNEK3ZPcElHTEpJNk1SSlpEbGtwUHErNlYKOWtVd2RyNjlIWmdKMFRoSE11RUlWTndFdW5CRkJVbHpmbk5WUUlEM3hiOWhoREluV0ZWRGpkcGQydGtGbTVxVwpVME5jUDFjK2YrdmovK0JEZ3hqVTh1bzMydGpsRTZzUDVsT1I2MFRjQy9teHNEVEk1TTRkcUdRbSt6NDl3OUthCjFYa285WjhXNG4yM3pLcjVDclIwK2ljV2ttM2MyZjN1Q0pCK041SmlPMStEV21nK2dlREZWeEpSeSszd3V2TDIKZHh4ZjQxUWhLOHhSZjdCNGlIelkwOS9NYXlPc3kwNlBxUnowMkcrOWx0Z2VVRE1KendHRmk2VGhMd24vTHNnSwpFTzFWNDJKcWdGQU4yaTBUdmRjQ0F3RUFBYU5aTUZjd0RnWURWUjBQQVFIL0JBUURBZ0trTUE4R0ExVWRFd0VCCi93UUZNQU1CQWY4d0hRWURWUjBPQkJZRUZLVHBRSDlBWm1kOU5YeDRaRm9EalFTU2t0eCtNQlVHQTFVZEVRUU8KTUF5Q0NtdDFZbVZ5Ym1WMFpYTXdEUVlKS29aSWh2Y05BUUVMQlFBRGdnRUJBSTZnV2htdFJ1MXpTTE1qajVTTQpYRGdYSTNSc3l2TFhKQW8wbHFjdUxQODZMUWphMldTQk1oSURyWWFmRnlySTV4enpnL3k4SmsyVXNzbCtpaDN6CjRNQTFLU2lpRjJVb2FIN3lWbSswR3Rxblo3Z1d2WWliSmVCUVkreTdHcWtqTjJBbmxDNS9ib3kzVmZBb0R6amUKa250NHZQSzdzU3lZMTl3WUh6MHFxRjBmblNwdnJESmtkeXc2a1VEdkx6NGIyOUVqb0wvb3VjdlhXZzkxbDZWWAp6Uk1IVUtxK05Yc3FSekJ0Wnp6ZEdkUTZoYjJkZExlUHQ3Y0FtTlVFTXFJUTM5VHdIWU14WmtPcEVBVmRwcjQ5CmpoVFNYVFBCV2hGUjh2MVVRMDVuVlVXd0NXNTZiZzJyTEJmZzArRWZCdi9NOElTa0lGMmcxR0I4UlU0SktVK2MKVHZNPQotLS0tLUVORCBDRVJUSUZJQ0FURS0tLS0tCg=="
              }
            ],
            "cluster_id": null,
            "created_at": "2022-12-04 10:43:13.352 +0000 UTC",
            "enabled_cluster_log_types": [
              "api",
              "audit",
              "authenticator",
              "controllerManager",
              "scheduler"
            ],
            "endpoint": "https://876301B2B14CB65117C953D27A3FE661.yl4.eu-north-1.eks.amazonaws.com",
            "id": "demo",
            "identity": [
              {
                "oidc": [
                  {
                    "issuer": "https://oidc.eks.eu-north-1.amazonaws.com/id/876301B2B14CB65117C953D27A3FE661"
                  }
                ]
              }
            ],
            "kubernetes_network_config": [
              {
                "ip_family": "ipv4",
                "service_ipv4_cidr": "10.100.0.0/16",
                "service_ipv6_cidr": ""
              }
            ],
            "name": "demo",
            "outpost_config": [],
            "platform_version": "eks.5",
            "role_arn": "arn:aws:iam::983119644965:role/demo-cluster-role",
            "status": "ACTIVE",
            "tags": {},
            "version": "1.23",
            "vpc_config": [
              {
                "cluster_security_group_id": "sg-014e08306b8c0c5cf",
                "endpoint_private_access": false,
                "endpoint_public_access": true,
                "public_access_cidrs": [
                  "0.0.0.0/0"
                ],
                "security_group_ids": [
                  "sg-073bc7c5d392a25c4"
                ],
                "subnet_ids": [
                  "subnet-0d29af39329819d69",
                  "subnet-0f72d078e790654e3"
                ],
                "vpc_id": "vpc-099f541c1e0355870"
              }
            ]
          },
          "sensitive_attributes": []
        }
      ]
    },
    {
      "module": "module.infraheads_aws_eks_addons.module.addons",
      "mode": "data",
      "type": "aws_partition",
      "name": "current",
      "provider": "provider[\"registry.terraform.io/hashicorp/aws\"]",
      "instances": [
        {
          "schema_version": 0,
          "attributes": {
            "dns_suffix": "amazonaws.com",
            "id": "aws",
            "partition": "aws",
            "reverse_dns_prefix": "com.amazonaws"
          },
          "sensitive_attributes": []
        }
      ]
    },
    {
      "module": "module.infraheads_aws_eks_addons.module.addons",
      "mode": "data",
      "type": "aws_region",
      "name": "current",
      "provider": "provider[\"registry.terraform.io/hashicorp/aws\"]",
      "instances": [
        {
          "schema_version": 0,
          "attributes": {
            "description": "Europe (Stockholm)",
            "endpoint": "ec2.eu-north-1.amazonaws.com",
            "id": "eu-north-1",
            "name": "eu-north-1"
          },
          "sensitive_attributes": []
        }
      ]
    },
    {
      "module": "module.infraheads_aws_eks_addons.module.addons",
      "mode": "managed",
      "type": "time_sleep",
      "name": "dataplane",
      "provider": "provider[\"registry.terraform.io/hashicorp/time\"]",
      "instances": [
        {
          "schema_version": 0,
          "attributes": {
            "create_duration": "10s",
            "destroy_duration": null,
            "id": "2022-12-04T10:51:37Z",
            "triggers": {
              "data_plane_wait_arn": "",
              "eks_cluster_id": "demo"
            }
          },
          "sensitive_attributes": [],
          "dependencies": [
            "module.infraheads_aws_eks.module.eks_blueprints.data.aws_iam_policy_document.eks_key",
            "module.infraheads_aws_eks.module.eks_blueprints.module.aws_eks.aws_cloudwatch_log_group.this",
            "module.infraheads_aws_eks.module.eks_blueprints.module.aws_eks.aws_eks_cluster.this",
            "module.infraheads_aws_eks.module.eks_blueprints.module.aws_eks.aws_iam_role.this",
            "module.infraheads_aws_eks.module.eks_blueprints.module.aws_eks.aws_iam_role_policy_attachment.this",
            "module.infraheads_aws_eks.module.eks_blueprints.module.aws_eks.aws_security_group.cluster",
            "module.infraheads_aws_eks.module.eks_blueprints.module.aws_eks.aws_security_group.node",
            "module.infraheads_aws_eks.module.eks_blueprints.module.aws_eks.aws_security_group_rule.cluster",
            "module.infraheads_aws_eks.module.eks_blueprints.module.aws_eks.aws_security_group_rule.node",
            "module.infraheads_aws_eks.module.eks_blueprints.module.aws_eks.data.aws_iam_policy_document.assume_role_policy",
            "module.infraheads_aws_eks.module.eks_blueprints.module.aws_eks.data.aws_partition.current",
            "module.infraheads_aws_eks.module.eks_blueprints.module.aws_eks.module.kms.aws_kms_external_key.this",
            "module.infraheads_aws_eks.module.eks_blueprints.module.aws_eks.module.kms.aws_kms_key.this",
            "module.infraheads_aws_eks.module.eks_blueprints.module.kms.aws_kms_key.this"
          ]
        }
      ]
    },
    {
      "module": "module.infraheads_aws_eks_addons.module.addons.module.argocd[0]",
      "mode": "managed",
      "type": "kubernetes_namespace_v1",
      "name": "this",
      "provider": "provider[\"registry.terraform.io/hashicorp/kubernetes\"]",
      "instances": [
        {
          "index_key": 0,
          "schema_version": 0,
          "attributes": {
            "id": "argocd",
            "metadata": [
              {
                "annotations": {},
                "generate_name": "",
                "generation": 0,
                "labels": {},
                "name": "argocd",
                "resource_version": "1876",
                "uid": "c8b437db-19e4-4ae7-aea6-1f46c5841657"
              }
            ],
            "timeouts": null
          },
          "sensitive_attributes": [],
          "private": "eyJlMmJmYjczMC1lY2FhLTExZTYtOGY4OC0zNDM2M2JjN2M0YzAiOnsiZGVsZXRlIjozMDAwMDAwMDAwMDB9fQ==",
          "dependencies": [
            "data.aws_eks_cluster_auth.this",
            "module.infraheads_aws_eks.module.eks_blueprints.data.aws_iam_policy_document.eks_key",
            "module.infraheads_aws_eks.module.eks_blueprints.module.aws_eks.aws_cloudwatch_log_group.this",
            "module.infraheads_aws_eks.module.eks_blueprints.module.aws_eks.aws_eks_cluster.this",
            "module.infraheads_aws_eks.module.eks_blueprints.module.aws_eks.aws_iam_role.this",
            "module.infraheads_aws_eks.module.eks_blueprints.module.aws_eks.aws_iam_role_policy_attachment.this",
            "module.infraheads_aws_eks.module.eks_blueprints.module.aws_eks.aws_security_group.cluster",
            "module.infraheads_aws_eks.module.eks_blueprints.module.aws_eks.aws_security_group.node",
            "module.infraheads_aws_eks.module.eks_blueprints.module.aws_eks.aws_security_group_rule.cluster",
            "module.infraheads_aws_eks.module.eks_blueprints.module.aws_eks.aws_security_group_rule.node",
            "module.infraheads_aws_eks.module.eks_blueprints.module.aws_eks.data.aws_iam_policy_document.assume_role_policy",
            "module.infraheads_aws_eks.module.eks_blueprints.module.aws_eks.data.aws_partition.current",
            "module.infraheads_aws_eks.module.eks_blueprints.module.aws_eks.module.kms.aws_kms_external_key.this",
            "module.infraheads_aws_eks.module.eks_blueprints.module.aws_eks.module.kms.aws_kms_key.this",
            "module.infraheads_aws_eks.module.eks_blueprints.module.kms.aws_kms_key.this"
          ]
        }
      ]
    },
    {
      "module": "module.infraheads_aws_eks_addons.module.addons.module.argocd[0].module.helm_addon",
      "mode": "managed",
      "type": "helm_release",
      "name": "addon",
      "provider": "provider[\"registry.terraform.io/hashicorp/helm\"]",
      "instances": [
        {
          "index_key": 0,
          "schema_version": 0,
          "attributes": {
            "atomic": false,
            "chart": "argo-cd",
            "cleanup_on_fail": false,
            "create_namespace": true,
            "dependency_update": false,
            "description": "The ArgoCD Helm Chart deployment configuration",
            "devel": null,
            "disable_crd_hooks": false,
            "disable_openapi_validation": false,
            "disable_webhooks": false,
            "force_update": false,
            "id": "argo-cd",
            "keyring": "",
            "lint": false,
            "manifest": null,
            "max_history": 0,
            "metadata": [
              {
                "app_version": "v2.5.2",
                "chart": "argo-cd",
                "name": "argo-cd",
                "namespace": "argocd",
                "revision": 1,
                "values": "{\"configs\":{\"cm\":{\"application.resourceTrackingMethod\":\"annotation+label\"}},\"controller\":{\"enableStatefulSet\":true},\"redis-ha\":{\"enabled\":true},\"repoServer\":{\"autoscaling\":{\"enabled\":true,\"minReplicas\":2}},\"server\":{\"autoscaling\":{\"enabled\":true,\"minReplicas\":2}}}",
                "version": "5.13.8"
              }
            ],
            "name": "argo-cd",
            "namespace": "argocd",
            "pass_credentials": false,
            "postrender": [
              {
                "args": [],
                "binary_path": ""
              }
            ],
            "recreate_pods": false,
            "render_subchart_notes": true,
            "replace": false,
            "repository": "https://argoproj.github.io/argo-helm",
            "repository_ca_file": null,
            "repository_cert_file": "",
            "repository_key_file": "",
            "repository_password": "",
            "repository_username": "",
            "reset_values": false,
            "reuse_values": false,
            "set": [],
            "set_sensitive": [],
            "skip_crds": false,
            "status": "deployed",
            "timeout": 1200,
            "values": [
              "redis-ha:\n  enabled: true\n\ncontroller:\n  enableStatefulSet: true\n\nserver:\n  autoscaling:\n    enabled: true\n    minReplicas: 2\n\nrepoServer:\n  autoscaling:\n    enabled: true\n    minReplicas: 2\n\nconfigs:\n  cm:\n    #use annotation for tracking but keep labels for compatibility with other tools\n    application.resourceTrackingMethod: annotation+label\n"
            ],
            "verify": false,
            "version": "5.13.8",
            "wait": false,
            "wait_for_jobs": false
          },
          "sensitive_attributes": [],
          "private": "bnVsbA==",
          "dependencies": [
            "data.aws_eks_cluster_auth.this",
            "module.infraheads_aws_eks.module.eks_blueprints.data.aws_iam_policy_document.eks_key",
            "module.infraheads_aws_eks.module.eks_blueprints.module.aws_eks.aws_cloudwatch_log_group.this",
            "module.infraheads_aws_eks.module.eks_blueprints.module.aws_eks.aws_eks_cluster.this",
            "module.infraheads_aws_eks.module.eks_blueprints.module.aws_eks.aws_iam_role.this",
            "module.infraheads_aws_eks.module.eks_blueprints.module.aws_eks.aws_iam_role_policy_attachment.this",
            "module.infraheads_aws_eks.module.eks_blueprints.module.aws_eks.aws_security_group.cluster",
            "module.infraheads_aws_eks.module.eks_blueprints.module.aws_eks.aws_security_group.node",
            "module.infraheads_aws_eks.module.eks_blueprints.module.aws_eks.aws_security_group_rule.cluster",
            "module.infraheads_aws_eks.module.eks_blueprints.module.aws_eks.aws_security_group_rule.node",
            "module.infraheads_aws_eks.module.eks_blueprints.module.aws_eks.data.aws_iam_policy_document.assume_role_policy",
            "module.infraheads_aws_eks.module.eks_blueprints.module.aws_eks.data.aws_partition.current",
            "module.infraheads_aws_eks.module.eks_blueprints.module.aws_eks.module.kms.aws_kms_external_key.this",
            "module.infraheads_aws_eks.module.eks_blueprints.module.aws_eks.module.kms.aws_kms_key.this",
            "module.infraheads_aws_eks.module.eks_blueprints.module.kms.aws_kms_key.this",
            "module.infraheads_aws_eks_addons.module.addons.data.aws_caller_identity.current",
            "module.infraheads_aws_eks_addons.module.addons.data.aws_eks_cluster.eks_cluster",
            "module.infraheads_aws_eks_addons.module.addons.data.aws_partition.current",
            "module.infraheads_aws_eks_addons.module.addons.data.aws_region.current",
            "module.infraheads_aws_eks_addons.module.addons.module.argocd.kubernetes_namespace_v1.this",
            "module.infraheads_aws_eks_addons.module.addons.module.argocd.module.helm_addon.module.irsa.aws_iam_role.irsa",
            "module.infraheads_aws_eks_addons.module.addons.module.argocd.module.helm_addon.module.irsa.aws_iam_role_policy_attachment.irsa",
            "module.infraheads_aws_eks_addons.module.addons.module.argocd.module.helm_addon.module.irsa.kubernetes_namespace_v1.irsa",
            "module.infraheads_aws_eks_addons.module.addons.module.argocd.module.helm_addon.module.irsa.kubernetes_service_account_v1.irsa"
          ]
        }
      ]
    },
    {
      "module": "module.infraheads_aws_eks_addons.module.github_repo[0]",
      "mode": "managed",
      "type": "github_repository",
      "name": "repository",
      "provider": "provider[\"registry.terraform.io/integrations/github\"]",
      "instances": [
        {
          "schema_version": 0,
          "attributes": {
            "allow_auto_merge": false,
            "allow_merge_commit": true,
            "allow_rebase_merge": true,
            "allow_squash_merge": true,
            "allow_update_branch": false,
            "archive_on_destroy": null,
            "archived": false,
            "auto_init": null,
            "default_branch": "main",
            "delete_branch_on_merge": false,
            "description": "",
            "etag": "W/\"9b7df88e3701a92e6626e72dcfbff3b27c32e3a8837a6c132558d62d1495d72d\"",
            "full_name": "armenmelkonyan90/demo",
            "git_clone_url": "git://github.com/armenmelkonyan90/demo.git",
            "gitignore_template": null,
            "has_downloads": false,
            "has_issues": false,
            "has_projects": false,
            "has_wiki": false,
            "homepage_url": "",
            "html_url": "https://github.com/armenmelkonyan90/demo",
            "http_clone_url": "https://github.com/armenmelkonyan90/demo.git",
            "id": "demo",
            "ignore_vulnerability_alerts_during_read": null,
            "is_template": false,
            "license_template": null,
            "merge_commit_message": "PR_TITLE",
            "merge_commit_title": "MERGE_MESSAGE",
            "name": "demo",
            "node_id": "R_kgDOIjfF1w",
            "pages": [],
            "private": false,
            "repo_id": 574080471,
            "squash_merge_commit_message": "COMMIT_MESSAGES",
            "squash_merge_commit_title": "COMMIT_OR_PR_TITLE",
            "ssh_clone_url": "git@github.com:armenmelkonyan90/demo.git",
            "svn_url": "https://github.com/armenmelkonyan90/demo",
            "template": [],
            "topics": null,
            "visibility": "public",
            "vulnerability_alerts": false
          },
          "sensitive_attributes": [],
          "private": "bnVsbA=="
        }
      ]
    }
  ],
  "check_results": []
}
